// !$*UTF8*$!
{
	archiveVersion = 1;
	classes = {
	};
	objectVersion = 77;
	objects = {

/* Begin PBXBuildFile section */
		02231F91390FC6C7831F82C7 /* RoomCatalog.swift in Sources */ = {isa = PBXBuildFile; fileRef = 074267CA6B9705C13E77EB45 /* RoomCatalog.swift */; };
		03DF961C54AD49D24065CD1B /* SettingsControls.swift in Sources */ = {isa = PBXBuildFile; fileRef = F78B0E4A24D69CF5D3C037BD /* SettingsControls.swift */; };
		04CF7F1F305D831C60D45079 /* SummarySelectionPuzzleHandle.swift in Sources */ = {isa = PBXBuildFile; fileRef = D4477CB88B9B03CE2915DB9C /* SummarySelectionPuzzleHandle.swift */; };
		058C5089BB2C2A9164133D93 /* SpriteKitEffectView.swift in Sources */ = {isa = PBXBuildFile; fileRef = 2CCB6F5CA1825DB54A4EFB32 /* SpriteKitEffectView.swift */; };
		05C4771C8D11074D78276BE9 /* SpriteKit.framework in Frameworks */ = {isa = PBXBuildFile; fileRef = 6CC445E841CB121E467D1230 /* SpriteKit.framework */; };
		092949E980C0040E16523712 /* VoiceTranscriptionService.swift in Sources */ = {isa = PBXBuildFile; fileRef = 0F5D1474B882395BE293F19D /* VoiceTranscriptionService.swift */; };
		0C741372460A1512644497E2 /* CameraCaptureView.swift in Sources */ = {isa = PBXBuildFile; fileRef = 74A213E357A08B0F7BDDA6FF /* CameraCaptureView.swift */; };
		0D0F65C8BDB5D711C5F9FB53 /* RoomActionPuzzlePullOverlay.swift in Sources */ = {isa = PBXBuildFile; fileRef = 68AF2FD3A5B8FA58364A6984 /* RoomActionPuzzlePullOverlay.swift */; };
		118A22F74FB47F99097EFF77 /* HotelProfile.swift in Sources */ = {isa = PBXBuildFile; fileRef = 34A0D43579667739D7C3B5C9 /* HotelProfile.swift */; };
		124B8CE7419E4EFD526F3A09 /* AppBackgroundView.swift in Sources */ = {isa = PBXBuildFile; fileRef = B78D580A5B6E6CE9DEFE8144 /* AppBackgroundView.swift */; };
		152633EAB66EDB9582DBB29A /* RoomMediaIndicator.swift in Sources */ = {isa = PBXBuildFile; fileRef = D45B225CEBE6C5329B0A1792 /* RoomMediaIndicator.swift */; };
		156AE991A57FFFB7CA3B8EDA /* RoomDetailsMode.swift in Sources */ = {isa = PBXBuildFile; fileRef = 147C808E88696B5035D32889 /* RoomDetailsMode.swift */; };
		168D118D0B17FB7FF4BC43F2 /* .BackgroundVideoFileStore.swift.swp in Resources */ = {isa = PBXBuildFile; fileRef = BFD86070A88214374664A227 /* .BackgroundVideoFileStore.swift.swp */; };
		1B0A26C51E7AAF7E7DD75C94 /* BackgroundVideoFileStore.swift in Sources */ = {isa = PBXBuildFile; fileRef = 1D48BFB5EDED5F96299AB21A /* BackgroundVideoFileStore.swift */; };
		22572ABFDC6A79E256B5E8B3 /* BuildChangelogEntriesRecent.swift in Sources */ = {isa = PBXBuildFile; fileRef = 2D4ABFACA0309F88F727C2BD /* BuildChangelogEntriesRecent.swift */; };
		24A9653A75E6C4A6DAA18551 /* WorkSetupTerritoryPicker.swift in Sources */ = {isa = PBXBuildFile; fileRef = FFE85CE8AB3F67AE52F07C5C /* WorkSetupTerritoryPicker.swift */; };
		263B2FE1479AC4779B6EDA47 /* WorkSessionHistoryScreen.swift in Sources */ = {isa = PBXBuildFile; fileRef = 572F782765D50BE3F3214748 /* WorkSessionHistoryScreen.swift */; };
		270E463D993DDC954DE9B42F /* RoomCellGeometry.swift in Sources */ = {isa = PBXBuildFile; fileRef = DFFCF5085184E5262783E0DD /* RoomCellGeometry.swift */; };
		2785A601D35E1D9446938B54 /* VoiceTranscriptionPanel.swift in Sources */ = {isa = PBXBuildFile; fileRef = 3382A38B3F7761525DDF7BDF /* VoiceTranscriptionPanel.swift */; };
		29CF268B7AF0DE257600A5E1 /* InteractionFeedbackService.swift in Sources */ = {isa = PBXBuildFile; fileRef = 69C3220AB4C379C2C29B5C93 /* InteractionFeedbackService.swift */; };
		2AB3809693EAB36DBFCB3895 /* BuildChangelogEntriesMid.swift in Sources */ = {isa = PBXBuildFile; fileRef = 5D995BBCF2F29ECE128B4A14 /* BuildChangelogEntriesMid.swift */; };
		2BC9B4BF0A6B899CDA1EC71E /* RoomDetailsScreen.swift in Sources */ = {isa = PBXBuildFile; fileRef = 253281145546E2E8265AB304 /* RoomDetailsScreen.swift */; };
		2C03F73F599E142BE0F76082 /* DeepSeekClient.swift in Sources */ = {isa = PBXBuildFile; fileRef = AE8C3FCDA479404117857CF0 /* DeepSeekClient.swift */; };
		365E0104677797C6B2C4872D /* CartDetailsRoute.swift in Sources */ = {isa = PBXBuildFile; fileRef = 865565ED53F967D3C426D546 /* CartDetailsRoute.swift */; };
		379D17C85B0EBD7A5B7BC322 /* WorkSessionStore+SimpleCycle.swift in Sources */ = {isa = PBXBuildFile; fileRef = 95639B910F5BD49944085B73 /* WorkSessionStore+SimpleCycle.swift */; };
		389B9EE5FEA4DBCC068830B7 /* HoldActionTarget.swift in Sources */ = {isa = PBXBuildFile; fileRef = A516DF182C6E2DA6691E748B /* HoldActionTarget.swift */; };
		3BF8686AD98FA9363EB3C7A5 /* VoiceNoteViewModelTests.swift in Sources */ = {isa = PBXBuildFile; fileRef = E4FA8E89CE6C63D0C66CC676 /* VoiceNoteViewModelTests.swift */; };
		3F91D414A684701980D9BBF6 /* RoomActionMenuLampTransition.swift in Sources */ = {isa = PBXBuildFile; fileRef = BA57673DBF855A06723F9AF4 /* RoomActionMenuLampTransition.swift */; };
		44A924056A88C8FCA7D56426 /* WorkSessionStore+Persistence.swift in Sources */ = {isa = PBXBuildFile; fileRef = 07A6F5CAB3F17F3703EAF1B3 /* WorkSessionStore+Persistence.swift */; };
		451770AEE2D8C966487CED28 /* SummarySwipeCommitPolicyTests.swift in Sources */ = {isa = PBXBuildFile; fileRef = A7F5D7EA34CBAC9995CB4DDE /* SummarySwipeCommitPolicyTests.swift */; };
		45202B6A6675212ADED49E1E /* RoomDayCategoryTimePreset.swift in Sources */ = {isa = PBXBuildFile; fileRef = 4C1E7F40601F232AE595FD8F /* RoomDayCategoryTimePreset.swift */; };
		45F414B1F7BEA5D43C2106BA /* KeychainSecretStore.swift in Sources */ = {isa = PBXBuildFile; fileRef = 260D3F39DAB28CD8F1C0ADAF /* KeychainSecretStore.swift */; };
		48445FB3B0DF2857653B2BA4 /* MatrixRainSpriteScene.swift in Sources */ = {isa = PBXBuildFile; fileRef = 1C1CA4620A505A25C40AE681 /* MatrixRainSpriteScene.swift */; };
		49F46E8F7994A01F4AF2BC2B /* LocalWorkSessionRepository.swift in Sources */ = {isa = PBXBuildFile; fileRef = 14DA05CC83B4745C23D5CF2B /* LocalWorkSessionRepository.swift */; };
		4DE8F62C99818E24EC9B5F6C /* HousekeeperDetailsGestureMode.swift in Sources */ = {isa = PBXBuildFile; fileRef = 4EB7541150CAB0C6F6C42D43 /* HousekeeperDetailsGestureMode.swift */; };
		4EE12E17FCBFCBB259E63B24 /* MargaritavilleSwiftApp.swift in Sources */ = {isa = PBXBuildFile; fileRef = B2B7EAF0AB7A383AE3A9106C /* MargaritavilleSwiftApp.swift */; };
		51073EF8C7BC2919DD754DEA /* RoomMediaIndicatorTests.swift in Sources */ = {isa = PBXBuildFile; fileRef = 19E02D0413E3F9498F0A6F26 /* RoomMediaIndicatorTests.swift */; };
		529436F3B9A6793FF8BCBBE1 /* SummaryActionMenuExpansion.swift in Sources */ = {isa = PBXBuildFile; fileRef = C61FA926449ECE44FBCD523C /* SummaryActionMenuExpansion.swift */; };
		54060BE12903DE7DC82BF05C /* PersistentWorkSessionMapper+Catalog.swift in Sources */ = {isa = PBXBuildFile; fileRef = A189BEF138C12C183D52C206 /* PersistentWorkSessionMapper+Catalog.swift */; };
		5411E04FD741551E3928E8DC /* PersistentWorkSessionMapper+History.swift in Sources */ = {isa = PBXBuildFile; fileRef = 728366083E24EDB59090D7B6 /* PersistentWorkSessionMapper+History.swift */; };
		566DB942B2FFDCC98ADC194C /* RoomScheduleRoute.swift in Sources */ = {isa = PBXBuildFile; fileRef = 29557D6E24C81F76BE9D7727 /* RoomScheduleRoute.swift */; };
		57770924232FA86DAEC38590 /* CartConsumables.swift in Sources */ = {isa = PBXBuildFile; fileRef = 86F173799160B8EB3595C9C2 /* CartConsumables.swift */; };
		5A58AB8131B0D9336DC00176 /* BuildChangelogScreen.swift in Sources */ = {isa = PBXBuildFile; fileRef = B4D9AFD1950ABAC20DEAF004 /* BuildChangelogScreen.swift */; };
		5B362AB2BEFA62BC0564A6F3 /* RoomScheduleSheet.swift in Sources */ = {isa = PBXBuildFile; fileRef = ED941876C1AD586EF8BF8701 /* RoomScheduleSheet.swift */; };
		5EB4819E24605BE4D2C6CBF0 /* SettingsBackgroundSection.swift in Sources */ = {isa = PBXBuildFile; fileRef = BA56FD083D6393E29591EE87 /* SettingsBackgroundSection.swift */; };
		5F46B307037409026E7AC032 /* AppSettingsStore+Housekeepers.swift in Sources */ = {isa = PBXBuildFile; fileRef = D83CA46C3A8C280C5339339B /* AppSettingsStore+Housekeepers.swift */; };
		6152C87ADB52CC454480CF9B /* WorkSessionRepository.swift in Sources */ = {isa = PBXBuildFile; fileRef = 63F7800BE448B225E72E51C0 /* WorkSessionRepository.swift */; };
		621A70E81A145EF5DB753037 /* WorkSessionStore+NotesMedia.swift in Sources */ = {isa = PBXBuildFile; fileRef = F7C21604E9DFCC4C38B0666B /* WorkSessionStore+NotesMedia.swift */; };
		62D408573940C28D37350A1A /* CloudKit.framework in Frameworks */ = {isa = PBXBuildFile; fileRef = 7BE897AD21156A1CC1B1C6B3 /* CloudKit.framework */; };
		65C422BC20A3F6A330E586B3 /* HousekeeperCatalogEditorSection.swift in Sources */ = {isa = PBXBuildFile; fileRef = 3DD7A3C53C65D8A0389C6680 /* HousekeeperCatalogEditorSection.swift */; };
		66B2E8E393EEC452346E87B3 /* SummaryRoomActionMenu.swift in Sources */ = {isa = PBXBuildFile; fileRef = 7F659E723BC372F4647034FD /* SummaryRoomActionMenu.swift */; };
		68FC9E5214D46FCCCBE78F6F /* DeepSeekLabComponents.swift in Sources */ = {isa = PBXBuildFile; fileRef = 7E9C8E3CD4055FC66D8C98FC /* DeepSeekLabComponents.swift */; };
		69A8841E988B5E262E4F4B38 /* WorkSessionStoreTests.swift in Sources */ = {isa = PBXBuildFile; fileRef = 02500AE4C2DC733E80B6D690 /* WorkSessionStoreTests.swift */; };
		6E64F0A59FD3EE6013BB98BA /* VoiceTranscriptionContracts.swift in Sources */ = {isa = PBXBuildFile; fileRef = 89917CE612922887A91E731A /* VoiceTranscriptionContracts.swift */; };
		6F2C27BB68573CA9F2928146 /* PerformanceTelemetryStoreTests.swift in Sources */ = {isa = PBXBuildFile; fileRef = AAF87AEBF917C954895FE0CF /* PerformanceTelemetryStoreTests.swift */; };
		6FD02D9E66787EEFD52A0E1E /* CartConsumableCatalogEditorSection.swift in Sources */ = {isa = PBXBuildFile; fileRef = 6639B8C82B292B751E88F608 /* CartConsumableCatalogEditorSection.swift */; };
		7428A12339BD354F950324A1 /* WorkSessionStore+Selection.swift in Sources */ = {isa = PBXBuildFile; fileRef = C35D3835B7B9A121C869C2ED /* WorkSessionStore+Selection.swift */; };
		74CD34FC39F093A3DE0C4861 /* WorkSessionStore+Consumables.swift in Sources */ = {isa = PBXBuildFile; fileRef = FB1219DB5B1565EA2415741F /* WorkSessionStore+Consumables.swift */; };
		770F0645064D6215E9630A0C /* AppSettingsStoreDefaults.swift in Sources */ = {isa = PBXBuildFile; fileRef = 35755D643E8551F06BBB2CC7 /* AppSettingsStoreDefaults.swift */; };
		77E1FE4E4D080EF84139B14B /* AppBackgroundVideoEnvironment.swift in Sources */ = {isa = PBXBuildFile; fileRef = B96887E10E81F6FC1E3C9B8C /* AppBackgroundVideoEnvironment.swift */; };
		78E76A7224E69AAC6F2C6CA0 /* RoomModels.swift in Sources */ = {isa = PBXBuildFile; fileRef = 7C9F8F44BA2FF35E45B91E90 /* RoomModels.swift */; };
		7CD6372AB26C0ADD32E741D3 /* PersistentWorkSessionMapper.swift in Sources */ = {isa = PBXBuildFile; fileRef = A8A453C2C332C9C8D148639E /* PersistentWorkSessionMapper.swift */; };
		7E7624182D0DBE1AFB1454EA /* SettingsWorkSection.swift in Sources */ = {isa = PBXBuildFile; fileRef = B27D766CA5098051EBC3DF59 /* SettingsWorkSection.swift */; };
		7F81866E81AF243DD43D6E19 /* MatrixRainConfiguration.swift in Sources */ = {isa = PBXBuildFile; fileRef = 812538F225A1DC3137D7E2B1 /* MatrixRainConfiguration.swift */; };
		81651456783FB1669E5E721B /* PersonalCartMarkers.swift in Sources */ = {isa = PBXBuildFile; fileRef = 726BB319EA7A0D77D382269D /* PersonalCartMarkers.swift */; };
		8286E4F0670A238E0099BEBE /* TVStaticNoiseBackgroundView.swift in Sources */ = {isa = PBXBuildFile; fileRef = 09FFF2E981558A4D75D6A1DB /* TVStaticNoiseBackgroundView.swift */; };
		83C04518B33C7BBF7A5AE6D6 /* WorkSetupTerritorySelectionSummary.swift in Sources */ = {isa = PBXBuildFile; fileRef = 3957305DB54B9B479B51BB38 /* WorkSetupTerritorySelectionSummary.swift */; };
		858962C1DF9901C5043DBFE9 /* Speech.framework in Frameworks */ = {isa = PBXBuildFile; fileRef = 7133E84439F24F52881FA6A2 /* Speech.framework */; };
		87604745603AC6991A02B394 /* BuildChangelogEntriesLegacy.swift in Sources */ = {isa = PBXBuildFile; fileRef = 326B7C7BE0D4C0C707ED9672 /* BuildChangelogEntriesLegacy.swift */; };
		8810BE4B1E99E8ECCD3BBA21 /* SettingsBackgroundVideoPicker.swift in Sources */ = {isa = PBXBuildFile; fileRef = CBFEBB3CD5D42B73F6305FB5 /* SettingsBackgroundVideoPicker.swift */; };
		895709AC8432B24F031109F2 /* VoiceNoteViewModel.swift in Sources */ = {isa = PBXBuildFile; fileRef = 6C46E679DF2D1D6613364C79 /* VoiceNoteViewModel.swift */; };
		8A5B1D408C8D5B3AE2A337C9 /* RoomCellView.swift in Sources */ = {isa = PBXBuildFile; fileRef = 3E38EBEBF641353B871AF16E /* RoomCellView.swift */; };
		8BA510D92D5D30CEC1174046 /* SwiftDataWorkSessionRepository.swift in Sources */ = {isa = PBXBuildFile; fileRef = D3825091D9CC5DAC311BBCF1 /* SwiftDataWorkSessionRepository.swift */; };
		8D41CE216287237ADE6F5E86 /* BuildChangelog.swift in Sources */ = {isa = PBXBuildFile; fileRef = DB6A3F2CB75F2A2BCE1619A0 /* BuildChangelog.swift */; };
		90611C42E9319C6664307F82 /* SummarySwipeCommitPolicy.swift in Sources */ = {isa = PBXBuildFile; fileRef = B57BE8EBF8D2A57831E5C299 /* SummarySwipeCommitPolicy.swift */; };
		90EC1A151305FBBAEC14935A /* SummaryHeader.swift in Sources */ = {isa = PBXBuildFile; fileRef = 283E6FF48981145AB9012147 /* SummaryHeader.swift */; };
		926C871FBCC94795F6C23DCE /* ExperimentalAppearanceEnvironment.swift in Sources */ = {isa = PBXBuildFile; fileRef = 1494F03D3C659689B303BB03 /* ExperimentalAppearanceEnvironment.swift */; };
		92FB0B53C819F75D53F66D7B /* AIVisualPresetStoreTests.swift in Sources */ = {isa = PBXBuildFile; fileRef = 09564378AD3EA6BC5209586B /* AIVisualPresetStoreTests.swift */; };
		947CFD926A15733AC0513601 /* WorkSetupScreen.swift in Sources */ = {isa = PBXBuildFile; fileRef = 3E71287F6A17D24D49088446 /* WorkSetupScreen.swift */; };
		96431D362B72149E9FFB7932 /* BuildChangelogEntriesArchive.swift in Sources */ = {isa = PBXBuildFile; fileRef = DA4FC0D2D5A5B8B44E36C668 /* BuildChangelogEntriesArchive.swift */; };
		979CD20E7C20BFFF9286D055 /* MediaThumbnailView.swift in Sources */ = {isa = PBXBuildFile; fileRef = CCFD4C0C2D99682017E86B01 /* MediaThumbnailView.swift */; };
		97E38557C7F80F3DC044300D /* AppSettingsStore+Consumables.swift in Sources */ = {isa = PBXBuildFile; fileRef = 752502C60EECE5AC7A79CE89 /* AppSettingsStore+Consumables.swift */; };
		9B20D346245F6466A491660E /* AppStorageDirectory.swift in Sources */ = {isa = PBXBuildFile; fileRef = 2173D3F22AFB14E9E6B54E01 /* AppStorageDirectory.swift */; };
		9C6C58ED482ED2B45EA44E36 /* PersistentWorkSessionModels.swift in Sources */ = {isa = PBXBuildFile; fileRef = A40C0C481DF98EE976B8212F /* PersistentWorkSessionModels.swift */; };
		9C7FA9CAB65E9FE7042F4BAD /* SwiftData.framework in Frameworks */ = {isa = PBXBuildFile; fileRef = BD7D041F1C24E096F847BB53 /* SwiftData.framework */; };
		9D4E0CC42DB9BDD4F7A58C05 /* WorkSessionStore+Mutation.swift in Sources */ = {isa = PBXBuildFile; fileRef = 37E8F5DBDBA1B2B9E9DC574D /* WorkSessionStore+Mutation.swift */; };
		9F0BF55AF147F4706F0A5F0D /* AIVisualPresetStore.swift in Sources */ = {isa = PBXBuildFile; fileRef = 7E65B6AD09658C4286ABC041 /* AIVisualPresetStore.swift */; };
		A04AD1A78B21F0B1482DB51F /* pressed.wav in Resources */ = {isa = PBXBuildFile; fileRef = C4037F7F53F3633F64EEFCC5 /* pressed.wav */; };
		A2C1CBB0272EE047A747E96C /* PerformanceTelemetryStore.swift in Sources */ = {isa = PBXBuildFile; fileRef = 95992FEC952AB30262884AD3 /* PerformanceTelemetryStore.swift */; };
		A34368415E8A43680F1591A2 /* WorkSessionSnapshot.swift in Sources */ = {isa = PBXBuildFile; fileRef = E46AAE0061939D159850DA0D /* WorkSessionSnapshot.swift */; };
		A44D37E296285EE217F5D4D9 /* AppleCloudAccountProbe.swift in Sources */ = {isa = PBXBuildFile; fileRef = 863B6B3ABED99907FD811084 /* AppleCloudAccountProbe.swift */; };
		A49095991B9A15010B447A30 /* OceanKeyTheme.swift in Sources */ = {isa = PBXBuildFile; fileRef = A0B9BF6660BF1B2A8F11AAC3 /* OceanKeyTheme.swift */; };
		A4CD76B55EFC71F0C2CD60F3 /* SettingsCategory.swift in Sources */ = {isa = PBXBuildFile; fileRef = FC83A87AC986DD2F264131CB /* SettingsCategory.swift */; };
		A5958B1BAD5E2E2596C7C13F /* WorkSessionSelection.swift in Sources */ = {isa = PBXBuildFile; fileRef = 396D37051D44389A26C276BB /* WorkSessionSelection.swift */; };
		A5F7EEA7935BDF9AA1ADB347 /* AppRootView.swift in Sources */ = {isa = PBXBuildFile; fileRef = 3C6C12767830A9F635B402DA /* AppRootView.swift */; };
		A613E76E0F4A00A2730FDA56 /* WorkSessionStore+History.swift in Sources */ = {isa = PBXBuildFile; fileRef = F0C47F6F4785A18759A06AB7 /* WorkSessionStore+History.swift */; };
		A6F7B66704ADCE2E5F241C2B /* CartDetailsScreen.swift in Sources */ = {isa = PBXBuildFile; fileRef = A5C3614E48874E7A22359F76 /* CartDetailsScreen.swift */; };
		A7394992A07FED4FA3B092A6 /* GameplayKit.framework in Frameworks */ = {isa = PBXBuildFile; fileRef = C5C9FEF950BB64C810793ED3 /* GameplayKit.framework */; };
		AA0024805A82FF29FBC23365 /* RoomCatalogOverride.swift in Sources */ = {isa = PBXBuildFile; fileRef = 4B8B3E69F9398C99CCA5F448 /* RoomCatalogOverride.swift */; };
		AA49001001C7EF949271B8B4 /* SummaryScreen.swift in Sources */ = {isa = PBXBuildFile; fileRef = D722D20ACC6304E5369C4044 /* SummaryScreen.swift */; };
		AB447B52871E12298D13D20D /* PersistentWorkSessionMapper+Consumables.swift in Sources */ = {isa = PBXBuildFile; fileRef = DF6E32EFCB10AB1DE30A1585 /* PersistentWorkSessionMapper+Consumables.swift */; };
		AE44E35A20B1C36A63E01EC3 /* AVKit.framework in Frameworks */ = {isa = PBXBuildFile; fileRef = EA7F7C9BEC062DDDD35BC976 /* AVKit.framework */; };
		B10F238E76E05CFC74FE5B67 /* SwiftDataWorkSessionRepositoryTests.swift in Sources */ = {isa = PBXBuildFile; fileRef = C0B1DAFE30DED4D8FDD5BBF4 /* SwiftDataWorkSessionRepositoryTests.swift */; };
		B17AE67B2E6098580903BF20 /* VIPJellyContentWarp.metal in Sources */ = {isa = PBXBuildFile; fileRef = 373D877FD48E600E498E2AD1 /* VIPJellyContentWarp.metal */; };
		B22173A01797138D426F0170 /* AppBackgroundMode.swift in Sources */ = {isa = PBXBuildFile; fileRef = 62DA7C551FAD4EAEA106D52B /* AppBackgroundMode.swift */; };
		B27412284AD37C7A0BE913C3 /* WorkSessionMergePolicy.swift in Sources */ = {isa = PBXBuildFile; fileRef = 8BBA806300DF2D88D48477D6 /* WorkSessionMergePolicy.swift */; };
		B3C59A2B1E1768B35122F543 /* MatrixRainConfigurationEnvironment.swift in Sources */ = {isa = PBXBuildFile; fileRef = 64AE4DF0581521747F2A5FF2 /* MatrixRainConfigurationEnvironment.swift */; };
		B47E3E0ADA3CCB9238176303 /* PersonalCartMarkerStrip.swift in Sources */ = {isa = PBXBuildFile; fileRef = A4794B2B9698418399F9BCF5 /* PersonalCartMarkerStrip.swift */; };
		B48D66D59A08DAB6AB58276C /* LoopingVideoBackgroundView.swift in Sources */ = {isa = PBXBuildFile; fileRef = 68371E9841837E338DD06D16 /* LoopingVideoBackgroundView.swift */; };
		B51D8394827CA5FE11B571DE /* MediaViewerScreen.swift in Sources */ = {isa = PBXBuildFile; fileRef = D6EFC680EACBF955053C9436 /* MediaViewerScreen.swift */; };
		B75B6357696CC195A0AB6890 /* RuntimeDiagnostics.swift in Sources */ = {isa = PBXBuildFile; fileRef = 0683076E2A08392B5B8F0643 /* RuntimeDiagnostics.swift */; };
		B77FF38571F62CE71AD06E3D /* AppSettingsStoreKeys.swift in Sources */ = {isa = PBXBuildFile; fileRef = AD79304522A9E5F575E98CB6 /* AppSettingsStoreKeys.swift */; };
		B851DD8FE85AB4C1FE79F336 /* DeepSeekModels.swift in Sources */ = {isa = PBXBuildFile; fileRef = E3BDB7B2E2231A8706EC007C /* DeepSeekModels.swift */; };
		B8DCB761C2A5C4905FD1E616 /* VIPJellyEffects.swift in Sources */ = {isa = PBXBuildFile; fileRef = DD993F5D122A09028FEDE5EE /* VIPJellyEffects.swift */; };
		BA597DC5700A27AACC313C22 /* PersistentAIVisualPreset.swift in Sources */ = {isa = PBXBuildFile; fileRef = A50C6C89DEFAEA30480095D0 /* PersistentAIVisualPreset.swift */; };
		BD0CEBFEF8659B3BF733D7A0 /* SettingsCategorySelector.swift in Sources */ = {isa = PBXBuildFile; fileRef = 43AA91C16BE0BBB911F2F72E /* SettingsCategorySelector.swift */; };
		C1124C1B7153C116C0012804 /* WorkSessionStore+Catalog.swift in Sources */ = {isa = PBXBuildFile; fileRef = B512B523DF50D934102856F7 /* WorkSessionStore+Catalog.swift */; };
		C167F43C5EE884A270222EF3 /* CartConsumablesSection.swift in Sources */ = {isa = PBXBuildFile; fileRef = 66BE4E4BEB250158F1B2FAE7 /* CartConsumablesSection.swift */; };
		C26D077B5C9D7269C281EA0D /* HousekeeperPalette+Color.swift in Sources */ = {isa = PBXBuildFile; fileRef = 20A5F9B4FBD32A51202CBE11 /* HousekeeperPalette+Color.swift */; };
		C3F8298388E810A68B8DEBA3 /* RoomScheduleSelection.swift in Sources */ = {isa = PBXBuildFile; fileRef = 500155013123DCA396D6B0A2 /* RoomScheduleSelection.swift */; };
		C66F3197C0E7AC3729D81D4B /* AppSettingsStore.swift in Sources */ = {isa = PBXBuildFile; fileRef = ED484B471D3B303634E238A3 /* AppSettingsStore.swift */; };
		C78DA3701B2EDCACA9000557 /* WorkSessionStore.swift in Sources */ = {isa = PBXBuildFile; fileRef = A5EF295087355147852E6B91 /* WorkSessionStore.swift */; };
		CA6918F5154C0EF6D640D2D4 /* MargaritavilleSummarySection.swift in Sources */ = {isa = PBXBuildFile; fileRef = 1BB1098091146B6B73E6FE14 /* MargaritavilleSummarySection.swift */; };
		CC2726E3236DD7F8BE90DB5E /* PhotosUI.framework in Frameworks */ = {isa = PBXBuildFile; fileRef = BB404746FF5A9F4CEC4B06B6 /* PhotosUI.framework */; };
		CCEB3EAFB175EB2191D64B36 /* HousekeeperCatalog.swift in Sources */ = {isa = PBXBuildFile; fileRef = 3824B81E67ADEE1DD80DD608 /* HousekeeperCatalog.swift */; };
		CD87168EDB426BC3C235F30A /* SummaryActionMenuExpansionTests.swift in Sources */ = {isa = PBXBuildFile; fileRef = D2B2C5D50144AFF4E83542F1 /* SummaryActionMenuExpansionTests.swift */; };
		CD880034CA8378744B915C72 /* RoomDayCategoryControls.swift in Sources */ = {isa = PBXBuildFile; fileRef = F76EEEFE502C58ACD0739FDA /* RoomDayCategoryControls.swift */; };
		D28D6ECFFDE772EC3CF15BDC /* LocalMediaFileStore.swift in Sources */ = {isa = PBXBuildFile; fileRef = 329EC1B9B7E93603A16CD951 /* LocalMediaFileStore.swift */; };
		D313B79BBCBADF8C83C991F6 /* MargaritavilleCatalogEditorSection.swift in Sources */ = {isa = PBXBuildFile; fileRef = 72F62A96DC6CBE334A51427F /* MargaritavilleCatalogEditorSection.swift */; };
		D386394F284524E81B532306 /* WorkSetupRoomPickButton.swift in Sources */ = {isa = PBXBuildFile; fileRef = 6F4AA8395909F3304C7952B2 /* WorkSetupRoomPickButton.swift */; };
		D8BF9A21DF73842A1BE97CBA /* MargaritavillePresetBackupDocument.swift in Sources */ = {isa = PBXBuildFile; fileRef = 0C545284E1F3A0F2AFCE5208 /* MargaritavillePresetBackupDocument.swift */; };
		D8E801A984C3B0211D472853 /* AppleSyncEntitlementTests.swift in Sources */ = {isa = PBXBuildFile; fileRef = C32C5954A7CEDB001BCDE841 /* AppleSyncEntitlementTests.swift */; };
		DA628C5CCCE100F4100F012E /* ScheduleNotificationService.swift in Sources */ = {isa = PBXBuildFile; fileRef = F919079E48729D0CB476DFE5 /* ScheduleNotificationService.swift */; };
		DAEDF92F0638E096BFA5558F /* MargaritavilleSummaryRoomGrouping.swift in Sources */ = {isa = PBXBuildFile; fileRef = 723C049411A0B1EEFE19190D /* MargaritavilleSummaryRoomGrouping.swift */; };
		DE0127E5A1E843104D7488D6 /* VoiceNoteBubble.swift in Sources */ = {isa = PBXBuildFile; fileRef = C253030D4EA92886847226FE /* VoiceNoteBubble.swift */; };
		E1BE86B2D6306ABECD0C0C23 /* AppleSyncStatusEnvironment.swift in Sources */ = {isa = PBXBuildFile; fileRef = 6B499D07E2E53A1051A4A16B /* AppleSyncStatusEnvironment.swift */; };
		E23835D16917BF2447E61E1A /* AppSettingsStoreLoading.swift in Sources */ = {isa = PBXBuildFile; fileRef = 5C3A52C2D0194E4284467824 /* AppSettingsStoreLoading.swift */; };
		E4125D708C5A5359E278629B /* WorkSessionHistory.swift in Sources */ = {isa = PBXBuildFile; fileRef = 7BF703659BD4E4ED1F6182C1 /* WorkSessionHistory.swift */; };
		E522CC4C1973B7D9F9EE01B8 /* click.wav in Resources */ = {isa = PBXBuildFile; fileRef = 5CB7A732CA2C1250A664F900 /* click.wav */; };
		E69996BC5EF84C5734DB98FE /* RoomDayCategoryCounts.swift in Sources */ = {isa = PBXBuildFile; fileRef = 1606F1A9957635785A6D928D /* RoomDayCategoryCounts.swift */; };
		E966CBE9E6B5674FE32973A7 /* RuntimeDiagnosticsTests.swift in Sources */ = {isa = PBXBuildFile; fileRef = FC01B23315CBE02A4B6DEE0B /* RuntimeDiagnosticsTests.swift */; };
		EB1A68927A3E5EE5B13FC6D7 /* MediaAttachmentGrid.swift in Sources */ = {isa = PBXBuildFile; fileRef = 08BA6573942C4CE0299AE940 /* MediaAttachmentGrid.swift */; };
		EBE82000A7EB5DE59F5D28A7 /* AppBuildInfo.swift in Sources */ = {isa = PBXBuildFile; fileRef = CB6F829D189E6A8021ED967A /* AppBuildInfo.swift */; };
		EC464FBC0DF0B3C1F8334341 /* CartSummarySection.swift in Sources */ = {isa = PBXBuildFile; fileRef = 394987606D239084C515CA07 /* CartSummarySection.swift */; };
		EE7A6C24A39A07EF707BFBC8 /* WorkSessionMergePolicyTests.swift in Sources */ = {isa = PBXBuildFile; fileRef = A89136820B51932AD330C482 /* WorkSessionMergePolicyTests.swift */; };
		EF55F6DCA0EDBADDA8888279 /* SettingsScreen.swift in Sources */ = {isa = PBXBuildFile; fileRef = 32F15969B8595EEFE48B24D2 /* SettingsScreen.swift */; };
		F67D079FEA4B308E1E6A3F53 /* AppleSyncConfiguration.swift in Sources */ = {isa = PBXBuildFile; fileRef = 0FA8009600BBC5EAFA5E2642 /* AppleSyncConfiguration.swift */; };
		F70E89A335D855BD151E41C5 /* DeepSeekLabSection.swift in Sources */ = {isa = PBXBuildFile; fileRef = 992734E7923F47A3A78219CB /* DeepSeekLabSection.swift */; };
		F9EB724E474A47F7CB41CA2C /* WorkSetupComponents.swift in Sources */ = {isa = PBXBuildFile; fileRef = 8B96EE57A187E2FCB22119A1 /* WorkSetupComponents.swift */; };
		FA960F253BD55E6B86E7AED9 /* AppBackgroundModeEnvironment.swift in Sources */ = {isa = PBXBuildFile; fileRef = B98032ED871E3FBA99213BFF /* AppBackgroundModeEnvironment.swift */; };
		FDAC0CD27580C806BF8172E3 /* RoomDayCategory.swift in Sources */ = {isa = PBXBuildFile; fileRef = DA1E24318FCCCD616C3CC0E5 /* RoomDayCategory.swift */; };
		FE1A14DE53CDE509FEE9D338 /* AppIdentity.swift in Sources */ = {isa = PBXBuildFile; fileRef = A35C7DAEF89C08E0166EA3C0 /* AppIdentity.swift */; };
		FE1C7BFCD6BD93E0E953B63B /* MargaritavilleSummaryRoomGroupingTests.swift in Sources */ = {isa = PBXBuildFile; fileRef = 0022BF10DD8871C94DDD0577 /* MargaritavilleSummaryRoomGroupingTests.swift */; };
		FF7F5F1967A7D50277F49129 /* AppSettingsStoreTests.swift in Sources */ = {isa = PBXBuildFile; fileRef = 4A54ACA4EA81D8F149015ABB /* AppSettingsStoreTests.swift */; };
/* End PBXBuildFile section */

/* Begin PBXContainerItemProxy section */
		5C4475BC905ED321F50B5F9F /* PBXContainerItemProxy */ = {
			isa = PBXContainerItemProxy;
			containerPortal = 021597EFC67728D96A79467C /* Project object */;
			proxyType = 1;
			remoteGlobalIDString = 0669F61147CB438B2A9E3A12;
			remoteInfo = MargaritavilleSwift;
		};
/* End PBXContainerItemProxy section */

/* Begin PBXFileReference section */
		0022BF10DD8871C94DDD0577 /* MargaritavilleSummaryRoomGroupingTests.swift */ = {isa = PBXFileReference; lastKnownFileType = sourcecode.swift; path = MargaritavilleSummaryRoomGroupingTests.swift; sourceTree = "<group>"; };
		02500AE4C2DC733E80B6D690 /* WorkSessionStoreTests.swift */ = {isa = PBXFileReference; lastKnownFileType = sourcecode.swift; path = WorkSessionStoreTests.swift; sourceTree = "<group>"; };
		0683076E2A08392B5B8F0643 /* RuntimeDiagnostics.swift */ = {isa = PBXFileReference; lastKnownFileType = sourcecode.swift; path = RuntimeDiagnostics.swift; sourceTree = "<group>"; };
		074267CA6B9705C13E77EB45 /* RoomCatalog.swift */ = {isa = PBXFileReference; lastKnownFileType = sourcecode.swift; path = RoomCatalog.swift; sourceTree = "<group>"; };
		07A6F5CAB3F17F3703EAF1B3 /* WorkSessionStore+Persistence.swift */ = {isa = PBXFileReference; lastKnownFileType = sourcecode.swift; path = "WorkSessionStore+Persistence.swift"; sourceTree = "<group>"; };
		08BA6573942C4CE0299AE940 /* MediaAttachmentGrid.swift */ = {isa = PBXFileReference; lastKnownFileType = sourcecode.swift; path = MediaAttachmentGrid.swift; sourceTree = "<group>"; };
		09564378AD3EA6BC5209586B /* AIVisualPresetStoreTests.swift */ = {isa = PBXFileReference; lastKnownFileType = sourcecode.swift; path = AIVisualPresetStoreTests.swift; sourceTree = "<group>"; };
		09FFF2E981558A4D75D6A1DB /* TVStaticNoiseBackgroundView.swift */ = {isa = PBXFileReference; lastKnownFileType = sourcecode.swift; path = TVStaticNoiseBackgroundView.swift; sourceTree = "<group>"; };
		0C545284E1F3A0F2AFCE5208 /* MargaritavillePresetBackupDocument.swift */ = {isa = PBXFileReference; lastKnownFileType = sourcecode.swift; path = MargaritavillePresetBackupDocument.swift; sourceTree = "<group>"; };
		0F5D1474B882395BE293F19D /* VoiceTranscriptionService.swift */ = {isa = PBXFileReference; lastKnownFileType = sourcecode.swift; path = VoiceTranscriptionService.swift; sourceTree = "<group>"; };
		0FA8009600BBC5EAFA5E2642 /* AppleSyncConfiguration.swift */ = {isa = PBXFileReference; lastKnownFileType = sourcecode.swift; path = AppleSyncConfiguration.swift; sourceTree = "<group>"; };
		147C808E88696B5035D32889 /* RoomDetailsMode.swift */ = {isa = PBXFileReference; lastKnownFileType = sourcecode.swift; path = RoomDetailsMode.swift; sourceTree = "<group>"; };
		1494F03D3C659689B303BB03 /* ExperimentalAppearanceEnvironment.swift */ = {isa = PBXFileReference; lastKnownFileType = sourcecode.swift; path = ExperimentalAppearanceEnvironment.swift; sourceTree = "<group>"; };
		14DA05CC83B4745C23D5CF2B /* LocalWorkSessionRepository.swift */ = {isa = PBXFileReference; lastKnownFileType = sourcecode.swift; path = LocalWorkSessionRepository.swift; sourceTree = "<group>"; };
		1606F1A9957635785A6D928D /* RoomDayCategoryCounts.swift */ = {isa = PBXFileReference; lastKnownFileType = sourcecode.swift; path = RoomDayCategoryCounts.swift; sourceTree = "<group>"; };
		19E02D0413E3F9498F0A6F26 /* RoomMediaIndicatorTests.swift */ = {isa = PBXFileReference; lastKnownFileType = sourcecode.swift; path = RoomMediaIndicatorTests.swift; sourceTree = "<group>"; };
		1BB1098091146B6B73E6FE14 /* MargaritavilleSummarySection.swift */ = {isa = PBXFileReference; lastKnownFileType = sourcecode.swift; path = MargaritavilleSummarySection.swift; sourceTree = "<group>"; };
		1C1CA4620A505A25C40AE681 /* MatrixRainSpriteScene.swift */ = {isa = PBXFileReference; lastKnownFileType = sourcecode.swift; path = MatrixRainSpriteScene.swift; sourceTree = "<group>"; };
		1D48BFB5EDED5F96299AB21A /* BackgroundVideoFileStore.swift */ = {isa = PBXFileReference; lastKnownFileType = sourcecode.swift; path = BackgroundVideoFileStore.swift; sourceTree = "<group>"; };
		20A5F9B4FBD32A51202CBE11 /* HousekeeperPalette+Color.swift */ = {isa = PBXFileReference; lastKnownFileType = sourcecode.swift; path = "HousekeeperPalette+Color.swift"; sourceTree = "<group>"; };
		2173D3F22AFB14E9E6B54E01 /* AppStorageDirectory.swift */ = {isa = PBXFileReference; lastKnownFileType = sourcecode.swift; path = AppStorageDirectory.swift; sourceTree = "<group>"; };
		253281145546E2E8265AB304 /* RoomDetailsScreen.swift */ = {isa = PBXFileReference; lastKnownFileType = sourcecode.swift; path = RoomDetailsScreen.swift; sourceTree = "<group>"; };
		260D3F39DAB28CD8F1C0ADAF /* KeychainSecretStore.swift */ = {isa = PBXFileReference; lastKnownFileType = sourcecode.swift; path = KeychainSecretStore.swift; sourceTree = "<group>"; };
		283E6FF48981145AB9012147 /* SummaryHeader.swift */ = {isa = PBXFileReference; lastKnownFileType = sourcecode.swift; path = SummaryHeader.swift; sourceTree = "<group>"; };
		29557D6E24C81F76BE9D7727 /* RoomScheduleRoute.swift */ = {isa = PBXFileReference; lastKnownFileType = sourcecode.swift; path = RoomScheduleRoute.swift; sourceTree = "<group>"; };
		2C470AD026FA430CE1FE075C /* MargaritavilleSwift.entitlements */ = {isa = PBXFileReference; lastKnownFileType = text.plist.entitlements; path = MargaritavilleSwift.entitlements; sourceTree = "<group>"; };
		2CCB6F5CA1825DB54A4EFB32 /* SpriteKitEffectView.swift */ = {isa = PBXFileReference; lastKnownFileType = sourcecode.swift; path = SpriteKitEffectView.swift; sourceTree = "<group>"; };
		2D4ABFACA0309F88F727C2BD /* BuildChangelogEntriesRecent.swift */ = {isa = PBXFileReference; lastKnownFileType = sourcecode.swift; path = BuildChangelogEntriesRecent.swift; sourceTree = "<group>"; };
		326B7C7BE0D4C0C707ED9672 /* BuildChangelogEntriesLegacy.swift */ = {isa = PBXFileReference; lastKnownFileType = sourcecode.swift; path = BuildChangelogEntriesLegacy.swift; sourceTree = "<group>"; };
		329EC1B9B7E93603A16CD951 /* LocalMediaFileStore.swift */ = {isa = PBXFileReference; lastKnownFileType = sourcecode.swift; path = LocalMediaFileStore.swift; sourceTree = "<group>"; };
		32F15969B8595EEFE48B24D2 /* SettingsScreen.swift */ = {isa = PBXFileReference; lastKnownFileType = sourcecode.swift; path = SettingsScreen.swift; sourceTree = "<group>"; };
		3382A38B3F7761525DDF7BDF /* VoiceTranscriptionPanel.swift */ = {isa = PBXFileReference; lastKnownFileType = sourcecode.swift; path = VoiceTranscriptionPanel.swift; sourceTree = "<group>"; };
		34A0D43579667739D7C3B5C9 /* HotelProfile.swift */ = {isa = PBXFileReference; lastKnownFileType = sourcecode.swift; path = HotelProfile.swift; sourceTree = "<group>"; };
		35755D643E8551F06BBB2CC7 /* AppSettingsStoreDefaults.swift */ = {isa = PBXFileReference; lastKnownFileType = sourcecode.swift; path = AppSettingsStoreDefaults.swift; sourceTree = "<group>"; };
		373D877FD48E600E498E2AD1 /* VIPJellyContentWarp.metal */ = {isa = PBXFileReference; lastKnownFileType = sourcecode.metal; path = VIPJellyContentWarp.metal; sourceTree = "<group>"; };
		37E8F5DBDBA1B2B9E9DC574D /* WorkSessionStore+Mutation.swift */ = {isa = PBXFileReference; lastKnownFileType = sourcecode.swift; path = "WorkSessionStore+Mutation.swift"; sourceTree = "<group>"; };
		3824B81E67ADEE1DD80DD608 /* HousekeeperCatalog.swift */ = {isa = PBXFileReference; lastKnownFileType = sourcecode.swift; path = HousekeeperCatalog.swift; sourceTree = "<group>"; };
		394987606D239084C515CA07 /* CartSummarySection.swift */ = {isa = PBXFileReference; lastKnownFileType = sourcecode.swift; path = CartSummarySection.swift; sourceTree = "<group>"; };
		3957305DB54B9B479B51BB38 /* WorkSetupTerritorySelectionSummary.swift */ = {isa = PBXFileReference; lastKnownFileType = sourcecode.swift; path = WorkSetupTerritorySelectionSummary.swift; sourceTree = "<group>"; };
		396D37051D44389A26C276BB /* WorkSessionSelection.swift */ = {isa = PBXFileReference; lastKnownFileType = sourcecode.swift; path = WorkSessionSelection.swift; sourceTree = "<group>"; };
		3C6C12767830A9F635B402DA /* AppRootView.swift */ = {isa = PBXFileReference; lastKnownFileType = sourcecode.swift; path = AppRootView.swift; sourceTree = "<group>"; };
		3DD7A3C53C65D8A0389C6680 /* HousekeeperCatalogEditorSection.swift */ = {isa = PBXFileReference; lastKnownFileType = sourcecode.swift; path = HousekeeperCatalogEditorSection.swift; sourceTree = "<group>"; };
		3E38EBEBF641353B871AF16E /* RoomCellView.swift */ = {isa = PBXFileReference; lastKnownFileType = sourcecode.swift; path = RoomCellView.swift; sourceTree = "<group>"; };
		3E71287F6A17D24D49088446 /* WorkSetupScreen.swift */ = {isa = PBXFileReference; lastKnownFileType = sourcecode.swift; path = WorkSetupScreen.swift; sourceTree = "<group>"; };
		43AA91C16BE0BBB911F2F72E /* SettingsCategorySelector.swift */ = {isa = PBXFileReference; lastKnownFileType = sourcecode.swift; path = SettingsCategorySelector.swift; sourceTree = "<group>"; };
		4A54ACA4EA81D8F149015ABB /* AppSettingsStoreTests.swift */ = {isa = PBXFileReference; lastKnownFileType = sourcecode.swift; path = AppSettingsStoreTests.swift; sourceTree = "<group>"; };
		4B8B3E69F9398C99CCA5F448 /* RoomCatalogOverride.swift */ = {isa = PBXFileReference; lastKnownFileType = sourcecode.swift; path = RoomCatalogOverride.swift; sourceTree = "<group>"; };
		4C1E7F40601F232AE595FD8F /* RoomDayCategoryTimePreset.swift */ = {isa = PBXFileReference; lastKnownFileType = sourcecode.swift; path = RoomDayCategoryTimePreset.swift; sourceTree = "<group>"; };
		4EB7541150CAB0C6F6C42D43 /* HousekeeperDetailsGestureMode.swift */ = {isa = PBXFileReference; lastKnownFileType = sourcecode.swift; path = HousekeeperDetailsGestureMode.swift; sourceTree = "<group>"; };
		500155013123DCA396D6B0A2 /* RoomScheduleSelection.swift */ = {isa = PBXFileReference; lastKnownFileType = sourcecode.swift; path = RoomScheduleSelection.swift; sourceTree = "<group>"; };
		572F782765D50BE3F3214748 /* WorkSessionHistoryScreen.swift */ = {isa = PBXFileReference; lastKnownFileType = sourcecode.swift; path = WorkSessionHistoryScreen.swift; sourceTree = "<group>"; };
		5A25BA24E124A1929ED1F4AB /* MargaritavilleSwift.app */ = {isa = PBXFileReference; includeInIndex = 0; lastKnownFileType = wrapper.application; path = MargaritavilleSwift.app; sourceTree = BUILT_PRODUCTS_DIR; };
		5C3A52C2D0194E4284467824 /* AppSettingsStoreLoading.swift */ = {isa = PBXFileReference; lastKnownFileType = sourcecode.swift; path = AppSettingsStoreLoading.swift; sourceTree = "<group>"; };
		5CB7A732CA2C1250A664F900 /* click.wav */ = {isa = PBXFileReference; lastKnownFileType = audio.wav; path = click.wav; sourceTree = "<group>"; };
		5D995BBCF2F29ECE128B4A14 /* BuildChangelogEntriesMid.swift */ = {isa = PBXFileReference; lastKnownFileType = sourcecode.swift; path = BuildChangelogEntriesMid.swift; sourceTree = "<group>"; };
		62DA7C551FAD4EAEA106D52B /* AppBackgroundMode.swift */ = {isa = PBXFileReference; lastKnownFileType = sourcecode.swift; path = AppBackgroundMode.swift; sourceTree = "<group>"; };
		63F7800BE448B225E72E51C0 /* WorkSessionRepository.swift */ = {isa = PBXFileReference; lastKnownFileType = sourcecode.swift; path = WorkSessionRepository.swift; sourceTree = "<group>"; };
		64AE4DF0581521747F2A5FF2 /* MatrixRainConfigurationEnvironment.swift */ = {isa = PBXFileReference; lastKnownFileType = sourcecode.swift; path = MatrixRainConfigurationEnvironment.swift; sourceTree = "<group>"; };
		6639B8C82B292B751E88F608 /* CartConsumableCatalogEditorSection.swift */ = {isa = PBXFileReference; lastKnownFileType = sourcecode.swift; path = CartConsumableCatalogEditorSection.swift; sourceTree = "<group>"; };
		66BE4E4BEB250158F1B2FAE7 /* CartConsumablesSection.swift */ = {isa = PBXFileReference; lastKnownFileType = sourcecode.swift; path = CartConsumablesSection.swift; sourceTree = "<group>"; };
		68371E9841837E338DD06D16 /* LoopingVideoBackgroundView.swift */ = {isa = PBXFileReference; lastKnownFileType = sourcecode.swift; path = LoopingVideoBackgroundView.swift; sourceTree = "<group>"; };
		68AF2FD3A5B8FA58364A6984 /* RoomActionPuzzlePullOverlay.swift */ = {isa = PBXFileReference; lastKnownFileType = sourcecode.swift; path = RoomActionPuzzlePullOverlay.swift; sourceTree = "<group>"; };
		69C3220AB4C379C2C29B5C93 /* InteractionFeedbackService.swift */ = {isa = PBXFileReference; lastKnownFileType = sourcecode.swift; path = InteractionFeedbackService.swift; sourceTree = "<group>"; };
		6B499D07E2E53A1051A4A16B /* AppleSyncStatusEnvironment.swift */ = {isa = PBXFileReference; lastKnownFileType = sourcecode.swift; path = AppleSyncStatusEnvironment.swift; sourceTree = "<group>"; };
		6C46E679DF2D1D6613364C79 /* VoiceNoteViewModel.swift */ = {isa = PBXFileReference; lastKnownFileType = sourcecode.swift; path = VoiceNoteViewModel.swift; sourceTree = "<group>"; };
		6CC445E841CB121E467D1230 /* SpriteKit.framework */ = {isa = PBXFileReference; lastKnownFileType = wrapper.framework; name = SpriteKit.framework; path = System/Library/Frameworks/SpriteKit.framework; sourceTree = SDKROOT; };
		6F4AA8395909F3304C7952B2 /* WorkSetupRoomPickButton.swift */ = {isa = PBXFileReference; lastKnownFileType = sourcecode.swift; path = WorkSetupRoomPickButton.swift; sourceTree = "<group>"; };
		7133E84439F24F52881FA6A2 /* Speech.framework */ = {isa = PBXFileReference; lastKnownFileType = wrapper.framework; name = Speech.framework; path = System/Library/Frameworks/Speech.framework; sourceTree = SDKROOT; };
		72268799A1D32A143AAA6C69 /* Info.plist */ = {isa = PBXFileReference; lastKnownFileType = text.plist; path = Info.plist; sourceTree = "<group>"; };
		723C049411A0B1EEFE19190D /* MargaritavilleSummaryRoomGrouping.swift */ = {isa = PBXFileReference; lastKnownFileType = sourcecode.swift; path = MargaritavilleSummaryRoomGrouping.swift; sourceTree = "<group>"; };
		726BB319EA7A0D77D382269D /* PersonalCartMarkers.swift */ = {isa = PBXFileReference; lastKnownFileType = sourcecode.swift; path = PersonalCartMarkers.swift; sourceTree = "<group>"; };
		728366083E24EDB59090D7B6 /* PersistentWorkSessionMapper+History.swift */ = {isa = PBXFileReference; lastKnownFileType = sourcecode.swift; path = "PersistentWorkSessionMapper+History.swift"; sourceTree = "<group>"; };
		72F62A96DC6CBE334A51427F /* MargaritavilleCatalogEditorSection.swift */ = {isa = PBXFileReference; lastKnownFileType = sourcecode.swift; path = MargaritavilleCatalogEditorSection.swift; sourceTree = "<group>"; };
		74A213E357A08B0F7BDDA6FF /* CameraCaptureView.swift */ = {isa = PBXFileReference; lastKnownFileType = sourcecode.swift; path = CameraCaptureView.swift; sourceTree = "<group>"; };
		752502C60EECE5AC7A79CE89 /* AppSettingsStore+Consumables.swift */ = {isa = PBXFileReference; lastKnownFileType = sourcecode.swift; path = "AppSettingsStore+Consumables.swift"; sourceTree = "<group>"; };
		7BE897AD21156A1CC1B1C6B3 /* CloudKit.framework */ = {isa = PBXFileReference; lastKnownFileType = wrapper.framework; name = CloudKit.framework; path = System/Library/Frameworks/CloudKit.framework; sourceTree = SDKROOT; };
		7BF703659BD4E4ED1F6182C1 /* WorkSessionHistory.swift */ = {isa = PBXFileReference; lastKnownFileType = sourcecode.swift; path = WorkSessionHistory.swift; sourceTree = "<group>"; };
		7C9F8F44BA2FF35E45B91E90 /* RoomModels.swift */ = {isa = PBXFileReference; lastKnownFileType = sourcecode.swift; path = RoomModels.swift; sourceTree = "<group>"; };
		7E65B6AD09658C4286ABC041 /* AIVisualPresetStore.swift */ = {isa = PBXFileReference; lastKnownFileType = sourcecode.swift; path = AIVisualPresetStore.swift; sourceTree = "<group>"; };
		7E9C8E3CD4055FC66D8C98FC /* DeepSeekLabComponents.swift */ = {isa = PBXFileReference; lastKnownFileType = sourcecode.swift; path = DeepSeekLabComponents.swift; sourceTree = "<group>"; };
		7F659E723BC372F4647034FD /* SummaryRoomActionMenu.swift */ = {isa = PBXFileReference; lastKnownFileType = sourcecode.swift; path = SummaryRoomActionMenu.swift; sourceTree = "<group>"; };
		812538F225A1DC3137D7E2B1 /* MatrixRainConfiguration.swift */ = {isa = PBXFileReference; lastKnownFileType = sourcecode.swift; path = MatrixRainConfiguration.swift; sourceTree = "<group>"; };
		863B6B3ABED99907FD811084 /* AppleCloudAccountProbe.swift */ = {isa = PBXFileReference; lastKnownFileType = sourcecode.swift; path = AppleCloudAccountProbe.swift; sourceTree = "<group>"; };
		865565ED53F967D3C426D546 /* CartDetailsRoute.swift */ = {isa = PBXFileReference; lastKnownFileType = sourcecode.swift; path = CartDetailsRoute.swift; sourceTree = "<group>"; };
		86F173799160B8EB3595C9C2 /* CartConsumables.swift */ = {isa = PBXFileReference; lastKnownFileType = sourcecode.swift; path = CartConsumables.swift; sourceTree = "<group>"; };
		89917CE612922887A91E731A /* VoiceTranscriptionContracts.swift */ = {isa = PBXFileReference; lastKnownFileType = sourcecode.swift; path = VoiceTranscriptionContracts.swift; sourceTree = "<group>"; };
		8B96EE57A187E2FCB22119A1 /* WorkSetupComponents.swift */ = {isa = PBXFileReference; lastKnownFileType = sourcecode.swift; path = WorkSetupComponents.swift; sourceTree = "<group>"; };
		8BBA806300DF2D88D48477D6 /* WorkSessionMergePolicy.swift */ = {isa = PBXFileReference; lastKnownFileType = sourcecode.swift; path = WorkSessionMergePolicy.swift; sourceTree = "<group>"; };
		95639B910F5BD49944085B73 /* WorkSessionStore+SimpleCycle.swift */ = {isa = PBXFileReference; lastKnownFileType = sourcecode.swift; path = "WorkSessionStore+SimpleCycle.swift"; sourceTree = "<group>"; };
		95992FEC952AB30262884AD3 /* PerformanceTelemetryStore.swift */ = {isa = PBXFileReference; lastKnownFileType = sourcecode.swift; path = PerformanceTelemetryStore.swift; sourceTree = "<group>"; };
		992734E7923F47A3A78219CB /* DeepSeekLabSection.swift */ = {isa = PBXFileReference; lastKnownFileType = sourcecode.swift; path = DeepSeekLabSection.swift; sourceTree = "<group>"; };
		A0B9BF6660BF1B2A8F11AAC3 /* OceanKeyTheme.swift */ = {isa = PBXFileReference; lastKnownFileType = sourcecode.swift; path = OceanKeyTheme.swift; sourceTree = "<group>"; };
		A189BEF138C12C183D52C206 /* PersistentWorkSessionMapper+Catalog.swift */ = {isa = PBXFileReference; lastKnownFileType = sourcecode.swift; path = "PersistentWorkSessionMapper+Catalog.swift"; sourceTree = "<group>"; };
		A35C7DAEF89C08E0166EA3C0 /* AppIdentity.swift */ = {isa = PBXFileReference; lastKnownFileType = sourcecode.swift; path = AppIdentity.swift; sourceTree = "<group>"; };
		A40C0C481DF98EE976B8212F /* PersistentWorkSessionModels.swift */ = {isa = PBXFileReference; lastKnownFileType = sourcecode.swift; path = PersistentWorkSessionModels.swift; sourceTree = "<group>"; };
		A4794B2B9698418399F9BCF5 /* PersonalCartMarkerStrip.swift */ = {isa = PBXFileReference; lastKnownFileType = sourcecode.swift; path = PersonalCartMarkerStrip.swift; sourceTree = "<group>"; };
		A50C6C89DEFAEA30480095D0 /* PersistentAIVisualPreset.swift */ = {isa = PBXFileReference; lastKnownFileType = sourcecode.swift; path = PersistentAIVisualPreset.swift; sourceTree = "<group>"; };
		A516DF182C6E2DA6691E748B /* HoldActionTarget.swift */ = {isa = PBXFileReference; lastKnownFileType = sourcecode.swift; path = HoldActionTarget.swift; sourceTree = "<group>"; };
		A5C3614E48874E7A22359F76 /* CartDetailsScreen.swift */ = {isa = PBXFileReference; lastKnownFileType = sourcecode.swift; path = CartDetailsScreen.swift; sourceTree = "<group>"; };
		A5EF295087355147852E6B91 /* WorkSessionStore.swift */ = {isa = PBXFileReference; lastKnownFileType = sourcecode.swift; path = WorkSessionStore.swift; sourceTree = "<group>"; };
		A7F5D7EA34CBAC9995CB4DDE /* SummarySwipeCommitPolicyTests.swift */ = {isa = PBXFileReference; lastKnownFileType = sourcecode.swift; path = SummarySwipeCommitPolicyTests.swift; sourceTree = "<group>"; };
		A89136820B51932AD330C482 /* WorkSessionMergePolicyTests.swift */ = {isa = PBXFileReference; lastKnownFileType = sourcecode.swift; path = WorkSessionMergePolicyTests.swift; sourceTree = "<group>"; };
		A8A453C2C332C9C8D148639E /* PersistentWorkSessionMapper.swift */ = {isa = PBXFileReference; lastKnownFileType = sourcecode.swift; path = PersistentWorkSessionMapper.swift; sourceTree = "<group>"; };
		AAF87AEBF917C954895FE0CF /* PerformanceTelemetryStoreTests.swift */ = {isa = PBXFileReference; lastKnownFileType = sourcecode.swift; path = PerformanceTelemetryStoreTests.swift; sourceTree = "<group>"; };
		AD79304522A9E5F575E98CB6 /* AppSettingsStoreKeys.swift */ = {isa = PBXFileReference; lastKnownFileType = sourcecode.swift; path = AppSettingsStoreKeys.swift; sourceTree = "<group>"; };
		AE8C3FCDA479404117857CF0 /* DeepSeekClient.swift */ = {isa = PBXFileReference; lastKnownFileType = sourcecode.swift; path = DeepSeekClient.swift; sourceTree = "<group>"; };
		B27D766CA5098051EBC3DF59 /* SettingsWorkSection.swift */ = {isa = PBXFileReference; lastKnownFileType = sourcecode.swift; path = SettingsWorkSection.swift; sourceTree = "<group>"; };
		B2B7EAF0AB7A383AE3A9106C /* MargaritavilleSwiftApp.swift */ = {isa = PBXFileReference; lastKnownFileType = sourcecode.swift; path = MargaritavilleSwiftApp.swift; sourceTree = "<group>"; };
		B4D9AFD1950ABAC20DEAF004 /* BuildChangelogScreen.swift */ = {isa = PBXFileReference; lastKnownFileType = sourcecode.swift; path = BuildChangelogScreen.swift; sourceTree = "<group>"; };
		B512B523DF50D934102856F7 /* WorkSessionStore+Catalog.swift */ = {isa = PBXFileReference; lastKnownFileType = sourcecode.swift; path = "WorkSessionStore+Catalog.swift"; sourceTree = "<group>"; };
		B57BE8EBF8D2A57831E5C299 /* SummarySwipeCommitPolicy.swift */ = {isa = PBXFileReference; lastKnownFileType = sourcecode.swift; path = SummarySwipeCommitPolicy.swift; sourceTree = "<group>"; };
		B78D580A5B6E6CE9DEFE8144 /* AppBackgroundView.swift */ = {isa = PBXFileReference; lastKnownFileType = sourcecode.swift; path = AppBackgroundView.swift; sourceTree = "<group>"; };
		B96887E10E81F6FC1E3C9B8C /* AppBackgroundVideoEnvironment.swift */ = {isa = PBXFileReference; lastKnownFileType = sourcecode.swift; path = AppBackgroundVideoEnvironment.swift; sourceTree = "<group>"; };
		B98032ED871E3FBA99213BFF /* AppBackgroundModeEnvironment.swift */ = {isa = PBXFileReference; lastKnownFileType = sourcecode.swift; path = AppBackgroundModeEnvironment.swift; sourceTree = "<group>"; };
		BA56FD083D6393E29591EE87 /* SettingsBackgroundSection.swift */ = {isa = PBXFileReference; lastKnownFileType = sourcecode.swift; path = SettingsBackgroundSection.swift; sourceTree = "<group>"; };
		BA57673DBF855A06723F9AF4 /* RoomActionMenuLampTransition.swift */ = {isa = PBXFileReference; lastKnownFileType = sourcecode.swift; path = RoomActionMenuLampTransition.swift; sourceTree = "<group>"; };
		BB404746FF5A9F4CEC4B06B6 /* PhotosUI.framework */ = {isa = PBXFileReference; lastKnownFileType = wrapper.framework; name = PhotosUI.framework; path = System/Library/Frameworks/PhotosUI.framework; sourceTree = SDKROOT; };
		BD7D041F1C24E096F847BB53 /* SwiftData.framework */ = {isa = PBXFileReference; lastKnownFileType = wrapper.framework; name = SwiftData.framework; path = System/Library/Frameworks/SwiftData.framework; sourceTree = SDKROOT; };
		BFD86070A88214374664A227 /* .BackgroundVideoFileStore.swift.swp */ = {isa = PBXFileReference; path = .BackgroundVideoFileStore.swift.swp; sourceTree = "<group>"; };
		C0B1DAFE30DED4D8FDD5BBF4 /* SwiftDataWorkSessionRepositoryTests.swift */ = {isa = PBXFileReference; lastKnownFileType = sourcecode.swift; path = SwiftDataWorkSessionRepositoryTests.swift; sourceTree = "<group>"; };
		C253030D4EA92886847226FE /* VoiceNoteBubble.swift */ = {isa = PBXFileReference; lastKnownFileType = sourcecode.swift; path = VoiceNoteBubble.swift; sourceTree = "<group>"; };
		C32C5954A7CEDB001BCDE841 /* AppleSyncEntitlementTests.swift */ = {isa = PBXFileReference; lastKnownFileType = sourcecode.swift; path = AppleSyncEntitlementTests.swift; sourceTree = "<group>"; };
		C35D3835B7B9A121C869C2ED /* WorkSessionStore+Selection.swift */ = {isa = PBXFileReference; lastKnownFileType = sourcecode.swift; path = "WorkSessionStore+Selection.swift"; sourceTree = "<group>"; };
		C4037F7F53F3633F64EEFCC5 /* pressed.wav */ = {isa = PBXFileReference; lastKnownFileType = audio.wav; path = pressed.wav; sourceTree = "<group>"; };
		C5C9FEF950BB64C810793ED3 /* GameplayKit.framework */ = {isa = PBXFileReference; lastKnownFileType = wrapper.framework; name = GameplayKit.framework; path = System/Library/Frameworks/GameplayKit.framework; sourceTree = SDKROOT; };
		C61FA926449ECE44FBCD523C /* SummaryActionMenuExpansion.swift */ = {isa = PBXFileReference; lastKnownFileType = sourcecode.swift; path = SummaryActionMenuExpansion.swift; sourceTree = "<group>"; };
		CB6F829D189E6A8021ED967A /* AppBuildInfo.swift */ = {isa = PBXFileReference; lastKnownFileType = sourcecode.swift; path = AppBuildInfo.swift; sourceTree = "<group>"; };
		CBFEBB3CD5D42B73F6305FB5 /* SettingsBackgroundVideoPicker.swift */ = {isa = PBXFileReference; lastKnownFileType = sourcecode.swift; path = SettingsBackgroundVideoPicker.swift; sourceTree = "<group>"; };
		CCFD4C0C2D99682017E86B01 /* MediaThumbnailView.swift */ = {isa = PBXFileReference; lastKnownFileType = sourcecode.swift; path = MediaThumbnailView.swift; sourceTree = "<group>"; };
		D2B2C5D50144AFF4E83542F1 /* SummaryActionMenuExpansionTests.swift */ = {isa = PBXFileReference; lastKnownFileType = sourcecode.swift; path = SummaryActionMenuExpansionTests.swift; sourceTree = "<group>"; };
		D3825091D9CC5DAC311BBCF1 /* SwiftDataWorkSessionRepository.swift */ = {isa = PBXFileReference; lastKnownFileType = sourcecode.swift; path = SwiftDataWorkSessionRepository.swift; sourceTree = "<group>"; };
		D4477CB88B9B03CE2915DB9C /* SummarySelectionPuzzleHandle.swift */ = {isa = PBXFileReference; lastKnownFileType = sourcecode.swift; path = SummarySelectionPuzzleHandle.swift; sourceTree = "<group>"; };
		D45B225CEBE6C5329B0A1792 /* RoomMediaIndicator.swift */ = {isa = PBXFileReference; lastKnownFileType = sourcecode.swift; path = RoomMediaIndicator.swift; sourceTree = "<group>"; };
		D6EFC680EACBF955053C9436 /* MediaViewerScreen.swift */ = {isa = PBXFileReference; lastKnownFileType = sourcecode.swift; path = MediaViewerScreen.swift; sourceTree = "<group>"; };
		D722D20ACC6304E5369C4044 /* SummaryScreen.swift */ = {isa = PBXFileReference; lastKnownFileType = sourcecode.swift; path = SummaryScreen.swift; sourceTree = "<group>"; };
		D83CA46C3A8C280C5339339B /* AppSettingsStore+Housekeepers.swift */ = {isa = PBXFileReference; lastKnownFileType = sourcecode.swift; path = "AppSettingsStore+Housekeepers.swift"; sourceTree = "<group>"; };
		DA1E24318FCCCD616C3CC0E5 /* RoomDayCategory.swift */ = {isa = PBXFileReference; lastKnownFileType = sourcecode.swift; path = RoomDayCategory.swift; sourceTree = "<group>"; };
		DA4FC0D2D5A5B8B44E36C668 /* BuildChangelogEntriesArchive.swift */ = {isa = PBXFileReference; lastKnownFileType = sourcecode.swift; path = BuildChangelogEntriesArchive.swift; sourceTree = "<group>"; };
		DB6A3F2CB75F2A2BCE1619A0 /* BuildChangelog.swift */ = {isa = PBXFileReference; lastKnownFileType = sourcecode.swift; path = BuildChangelog.swift; sourceTree = "<group>"; };
		DD993F5D122A09028FEDE5EE /* VIPJellyEffects.swift */ = {isa = PBXFileReference; lastKnownFileType = sourcecode.swift; path = VIPJellyEffects.swift; sourceTree = "<group>"; };
		DF6E32EFCB10AB1DE30A1585 /* PersistentWorkSessionMapper+Consumables.swift */ = {isa = PBXFileReference; lastKnownFileType = sourcecode.swift; path = "PersistentWorkSessionMapper+Consumables.swift"; sourceTree = "<group>"; };
		DFFCF5085184E5262783E0DD /* RoomCellGeometry.swift */ = {isa = PBXFileReference; lastKnownFileType = sourcecode.swift; path = RoomCellGeometry.swift; sourceTree = "<group>"; };
		E3BDB7B2E2231A8706EC007C /* DeepSeekModels.swift */ = {isa = PBXFileReference; lastKnownFileType = sourcecode.swift; path = DeepSeekModels.swift; sourceTree = "<group>"; };
		E46AAE0061939D159850DA0D /* WorkSessionSnapshot.swift */ = {isa = PBXFileReference; lastKnownFileType = sourcecode.swift; path = WorkSessionSnapshot.swift; sourceTree = "<group>"; };
		E4FA8E89CE6C63D0C66CC676 /* VoiceNoteViewModelTests.swift */ = {isa = PBXFileReference; lastKnownFileType = sourcecode.swift; path = VoiceNoteViewModelTests.swift; sourceTree = "<group>"; };
		E51B4FE60E28931C8EE6DCC4 /* MargaritavilleSwiftTests.xctest */ = {isa = PBXFileReference; includeInIndex = 0; lastKnownFileType = wrapper.cfbundle; path = MargaritavilleSwiftTests.xctest; sourceTree = BUILT_PRODUCTS_DIR; };
		EA7F7C9BEC062DDDD35BC976 /* AVKit.framework */ = {isa = PBXFileReference; lastKnownFileType = wrapper.framework; name = AVKit.framework; path = System/Library/Frameworks/AVKit.framework; sourceTree = SDKROOT; };
		ED484B471D3B303634E238A3 /* AppSettingsStore.swift */ = {isa = PBXFileReference; lastKnownFileType = sourcecode.swift; path = AppSettingsStore.swift; sourceTree = "<group>"; };
		ED941876C1AD586EF8BF8701 /* RoomScheduleSheet.swift */ = {isa = PBXFileReference; lastKnownFileType = sourcecode.swift; path = RoomScheduleSheet.swift; sourceTree = "<group>"; };
		F0C47F6F4785A18759A06AB7 /* WorkSessionStore+History.swift */ = {isa = PBXFileReference; lastKnownFileType = sourcecode.swift; path = "WorkSessionStore+History.swift"; sourceTree = "<group>"; };
		F76EEEFE502C58ACD0739FDA /* RoomDayCategoryControls.swift */ = {isa = PBXFileReference; lastKnownFileType = sourcecode.swift; path = RoomDayCategoryControls.swift; sourceTree = "<group>"; };
		F78B0E4A24D69CF5D3C037BD /* SettingsControls.swift */ = {isa = PBXFileReference; lastKnownFileType = sourcecode.swift; path = SettingsControls.swift; sourceTree = "<group>"; };
		F7C21604E9DFCC4C38B0666B /* WorkSessionStore+NotesMedia.swift */ = {isa = PBXFileReference; lastKnownFileType = sourcecode.swift; path = "WorkSessionStore+NotesMedia.swift"; sourceTree = "<group>"; };
		F919079E48729D0CB476DFE5 /* ScheduleNotificationService.swift */ = {isa = PBXFileReference; lastKnownFileType = sourcecode.swift; path = ScheduleNotificationService.swift; sourceTree = "<group>"; };
		FB1219DB5B1565EA2415741F /* WorkSessionStore+Consumables.swift */ = {isa = PBXFileReference; lastKnownFileType = sourcecode.swift; path = "WorkSessionStore+Consumables.swift"; sourceTree = "<group>"; };
		FC01B23315CBE02A4B6DEE0B /* RuntimeDiagnosticsTests.swift */ = {isa = PBXFileReference; lastKnownFileType = sourcecode.swift; path = RuntimeDiagnosticsTests.swift; sourceTree = "<group>"; };
		FC83A87AC986DD2F264131CB /* SettingsCategory.swift */ = {isa = PBXFileReference; lastKnownFileType = sourcecode.swift; path = SettingsCategory.swift; sourceTree = "<group>"; };
		FFE85CE8AB3F67AE52F07C5C /* WorkSetupTerritoryPicker.swift */ = {isa = PBXFileReference; lastKnownFileType = sourcecode.swift; path = WorkSetupTerritoryPicker.swift; sourceTree = "<group>"; };
/* End PBXFileReference section */

/* Begin PBXFrameworksBuildPhase section */
		CF661F383C3B579477E84CC7 /* Frameworks */ = {
			isa = PBXFrameworksBuildPhase;
			buildActionMask = 2147483647;
			files = (
				05C4771C8D11074D78276BE9 /* SpriteKit.framework in Frameworks */,
				A7394992A07FED4FA3B092A6 /* GameplayKit.framework in Frameworks */,
				AE44E35A20B1C36A63E01EC3 /* AVKit.framework in Frameworks */,
				CC2726E3236DD7F8BE90DB5E /* PhotosUI.framework in Frameworks */,
				858962C1DF9901C5043DBFE9 /* Speech.framework in Frameworks */,
				9C7FA9CAB65E9FE7042F4BAD /* SwiftData.framework in Frameworks */,
				62D408573940C28D37350A1A /* CloudKit.framework in Frameworks */,
			);
			runOnlyForDeploymentPostprocessing = 0;
		};
/* End PBXFrameworksBuildPhase section */

/* Begin PBXGroup section */
		07C57CB10A6E8D67D1A5555A /* App */ = {
			isa = PBXGroup;
			children = (
				62DA7C551FAD4EAEA106D52B /* AppBackgroundMode.swift */,
				B98032ED871E3FBA99213BFF /* AppBackgroundModeEnvironment.swift */,
				B96887E10E81F6FC1E3C9B8C /* AppBackgroundVideoEnvironment.swift */,
				B78D580A5B6E6CE9DEFE8144 /* AppBackgroundView.swift */,
				CB6F829D189E6A8021ED967A /* AppBuildInfo.swift */,
				A35C7DAEF89C08E0166EA3C0 /* AppIdentity.swift */,
				3C6C12767830A9F635B402DA /* AppRootView.swift */,
				ED484B471D3B303634E238A3 /* AppSettingsStore.swift */,
				752502C60EECE5AC7A79CE89 /* AppSettingsStore+Consumables.swift */,
				D83CA46C3A8C280C5339339B /* AppSettingsStore+Housekeepers.swift */,
				35755D643E8551F06BBB2CC7 /* AppSettingsStoreDefaults.swift */,
				AD79304522A9E5F575E98CB6 /* AppSettingsStoreKeys.swift */,
				5C3A52C2D0194E4284467824 /* AppSettingsStoreLoading.swift */,
				DB6A3F2CB75F2A2BCE1619A0 /* BuildChangelog.swift */,
				DA4FC0D2D5A5B8B44E36C668 /* BuildChangelogEntriesArchive.swift */,
				326B7C7BE0D4C0C707ED9672 /* BuildChangelogEntriesLegacy.swift */,
				5D995BBCF2F29ECE128B4A14 /* BuildChangelogEntriesMid.swift */,
				2D4ABFACA0309F88F727C2BD /* BuildChangelogEntriesRecent.swift */,
				1494F03D3C659689B303BB03 /* ExperimentalAppearanceEnvironment.swift */,
				68371E9841837E338DD06D16 /* LoopingVideoBackgroundView.swift */,
				B2B7EAF0AB7A383AE3A9106C /* MargaritavilleSwiftApp.swift */,
				726BB319EA7A0D77D382269D /* PersonalCartMarkers.swift */,
				09FFF2E981558A4D75D6A1DB /* TVStaticNoiseBackgroundView.swift */,
			);
			path = App;
			sourceTree = "<group>";
		};
		0F1ECE8554DD1B409225E822 /* WorkSetup */ = {
			isa = PBXGroup;
			children = (
				F76EEEFE502C58ACD0739FDA /* RoomDayCategoryControls.swift */,
				8B96EE57A187E2FCB22119A1 /* WorkSetupComponents.swift */,
				6F4AA8395909F3304C7952B2 /* WorkSetupRoomPickButton.swift */,
				3E71287F6A17D24D49088446 /* WorkSetupScreen.swift */,
				FFE85CE8AB3F67AE52F07C5C /* WorkSetupTerritoryPicker.swift */,
				3957305DB54B9B479B51BB38 /* WorkSetupTerritorySelectionSummary.swift */,
			);
			path = WorkSetup;
			sourceTree = "<group>";
		};
		2749A6CF88034C42B81D7B7E /* Frameworks */ = {
			isa = PBXGroup;
			children = (
				EA7F7C9BEC062DDDD35BC976 /* AVKit.framework */,
				7BE897AD21156A1CC1B1C6B3 /* CloudKit.framework */,
				C5C9FEF950BB64C810793ED3 /* GameplayKit.framework */,
				BB404746FF5A9F4CEC4B06B6 /* PhotosUI.framework */,
				7133E84439F24F52881FA6A2 /* Speech.framework */,
				6CC445E841CB121E467D1230 /* SpriteKit.framework */,
				BD7D041F1C24E096F847BB53 /* SwiftData.framework */,
			);
			name = Frameworks;
			sourceTree = "<group>";
		};
		2872854ECA09F5051CE57A2E /* Notifications */ = {
			isa = PBXGroup;
			children = (
				F919079E48729D0CB476DFE5 /* ScheduleNotificationService.swift */,
			);
			path = Notifications;
			sourceTree = "<group>";
		};
		45D4DCC936AD72346C1D7BAF /* Products */ = {
			isa = PBXGroup;
			children = (
				5A25BA24E124A1929ED1F4AB /* MargaritavilleSwift.app */,
				E51B4FE60E28931C8EE6DCC4 /* MargaritavilleSwiftTests.xctest */,
			);
			name = Products;
			sourceTree = "<group>";
		};
		4835F1F5C175B23BB4E8E9E3 /* CartDetails */ = {
			isa = PBXGroup;
			children = (
				66BE4E4BEB250158F1B2FAE7 /* CartConsumablesSection.swift */,
				865565ED53F967D3C426D546 /* CartDetailsRoute.swift */,
				A5C3614E48874E7A22359F76 /* CartDetailsScreen.swift */,
			);
			path = CartDetails;
			sourceTree = "<group>";
		};
		4FB5A6CC5F8F85EFD80924A2 /* Sounds */ = {
			isa = PBXGroup;
			children = (
				5CB7A732CA2C1250A664F900 /* click.wav */,
				C4037F7F53F3633F64EEFCC5 /* pressed.wav */,
			);
			path = Sounds;
			sourceTree = "<group>";
		};
		50375FAFE4AED67F14CA3B00 /* Notes */ = {
			isa = PBXGroup;
			children = (
				C253030D4EA92886847226FE /* VoiceNoteBubble.swift */,
				6C46E679DF2D1D6613364C79 /* VoiceNoteViewModel.swift */,
				3382A38B3F7761525DDF7BDF /* VoiceTranscriptionPanel.swift */,
			);
			path = Notes;
			sourceTree = "<group>";
		};
		545E6D7091F39C5576C0F7B9 /* Data */ = {
			isa = PBXGroup;
			children = (
				BFD86070A88214374664A227 /* .BackgroundVideoFileStore.swift.swp */,
				7E65B6AD09658C4286ABC041 /* AIVisualPresetStore.swift */,
				2173D3F22AFB14E9E6B54E01 /* AppStorageDirectory.swift */,
				1D48BFB5EDED5F96299AB21A /* BackgroundVideoFileStore.swift */,
				329EC1B9B7E93603A16CD951 /* LocalMediaFileStore.swift */,
				14DA05CC83B4745C23D5CF2B /* LocalWorkSessionRepository.swift */,
				0C545284E1F3A0F2AFCE5208 /* MargaritavillePresetBackupDocument.swift */,
				A50C6C89DEFAEA30480095D0 /* PersistentAIVisualPreset.swift */,
				A8A453C2C332C9C8D148639E /* PersistentWorkSessionMapper.swift */,
				A189BEF138C12C183D52C206 /* PersistentWorkSessionMapper+Catalog.swift */,
				DF6E32EFCB10AB1DE30A1585 /* PersistentWorkSessionMapper+Consumables.swift */,
				728366083E24EDB59090D7B6 /* PersistentWorkSessionMapper+History.swift */,
				A40C0C481DF98EE976B8212F /* PersistentWorkSessionModels.swift */,
				D3825091D9CC5DAC311BBCF1 /* SwiftDataWorkSessionRepository.swift */,
				63F7800BE448B225E72E51C0 /* WorkSessionRepository.swift */,
			);
			path = Data;
			sourceTree = "<group>";
		};
		6282865276409330F92C02FF /* Diagnostics */ = {
			isa = PBXGroup;
			children = (
				0683076E2A08392B5B8F0643 /* RuntimeDiagnostics.swift */,
			);
			path = Diagnostics;
			sourceTree = "<group>";
		};
		66C013B1764E7BA76909AAEE = {
			isa = PBXGroup;
			children = (
				D6C329599C8AAB7A891382FA /* MargaritavilleSwift */,
				A802ECB7B7B65E605F11436D /* MargaritavilleSwiftTests */,
				2749A6CF88034C42B81D7B7E /* Frameworks */,
				45D4DCC936AD72346C1D7BAF /* Products */,
			);
			sourceTree = "<group>";
		};
		6CB0FCEC92F34555F3EEBE05 /* Effects */ = {
			isa = PBXGroup;
			children = (
				373D877FD48E600E498E2AD1 /* VIPJellyContentWarp.metal */,
				E4D1574D55645B1B42014F41 /* SpriteKit */,
			);
			path = Effects;
			sourceTree = "<group>";
		};
		6D88D069C815925FB6D73050 /* Speech */ = {
			isa = PBXGroup;
			children = (
				89917CE612922887A91E731A /* VoiceTranscriptionContracts.swift */,
				0F5D1474B882395BE293F19D /* VoiceTranscriptionService.swift */,
			);
			path = Speech;
			sourceTree = "<group>";
		};
		7020F0B8BBE090C9A7E1BDC0 /* Design */ = {
			isa = PBXGroup;
			children = (
				20A5F9B4FBD32A51202CBE11 /* HousekeeperPalette+Color.swift */,
				A0B9BF6660BF1B2A8F11AAC3 /* OceanKeyTheme.swift */,
				DFFCF5085184E5262783E0DD /* RoomCellGeometry.swift */,
			);
			path = Design;
			sourceTree = "<group>";
		};
		742850EE6B58596923BC3475 /* Summary */ = {
			isa = PBXGroup;
			children = (
				394987606D239084C515CA07 /* CartSummarySection.swift */,
				723C049411A0B1EEFE19190D /* MargaritavilleSummaryRoomGrouping.swift */,
				1BB1098091146B6B73E6FE14 /* MargaritavilleSummarySection.swift */,
				A4794B2B9698418399F9BCF5 /* PersonalCartMarkerStrip.swift */,
				BA57673DBF855A06723F9AF4 /* RoomActionMenuLampTransition.swift */,
				68AF2FD3A5B8FA58364A6984 /* RoomActionPuzzlePullOverlay.swift */,
				3E38EBEBF641353B871AF16E /* RoomCellView.swift */,
				D45B225CEBE6C5329B0A1792 /* RoomMediaIndicator.swift */,
				29557D6E24C81F76BE9D7727 /* RoomScheduleRoute.swift */,
				ED941876C1AD586EF8BF8701 /* RoomScheduleSheet.swift */,
				C61FA926449ECE44FBCD523C /* SummaryActionMenuExpansion.swift */,
				283E6FF48981145AB9012147 /* SummaryHeader.swift */,
				7F659E723BC372F4647034FD /* SummaryRoomActionMenu.swift */,
				D722D20ACC6304E5369C4044 /* SummaryScreen.swift */,
				D4477CB88B9B03CE2915DB9C /* SummarySelectionPuzzleHandle.swift */,
				B57BE8EBF8D2A57831E5C299 /* SummarySwipeCommitPolicy.swift */,
				DD993F5D122A09028FEDE5EE /* VIPJellyEffects.swift */,
			);
			path = Summary;
			sourceTree = "<group>";
		};
		8C173CCFD71343D98BCA965F /* Media */ = {
			isa = PBXGroup;
			children = (
				74A213E357A08B0F7BDDA6FF /* CameraCaptureView.swift */,
				08BA6573942C4CE0299AE940 /* MediaAttachmentGrid.swift */,
				CCFD4C0C2D99682017E86B01 /* MediaThumbnailView.swift */,
				D6EFC680EACBF955053C9436 /* MediaViewerScreen.swift */,
			);
			path = Media;
			sourceTree = "<group>";
		};
		8C77D2889C044819B1A7462E /* Settings */ = {
			isa = PBXGroup;
			children = (
				B4D9AFD1950ABAC20DEAF004 /* BuildChangelogScreen.swift */,
				6639B8C82B292B751E88F608 /* CartConsumableCatalogEditorSection.swift */,
				7E9C8E3CD4055FC66D8C98FC /* DeepSeekLabComponents.swift */,
				992734E7923F47A3A78219CB /* DeepSeekLabSection.swift */,
				3DD7A3C53C65D8A0389C6680 /* HousekeeperCatalogEditorSection.swift */,
				72F62A96DC6CBE334A51427F /* MargaritavilleCatalogEditorSection.swift */,
				BA56FD083D6393E29591EE87 /* SettingsBackgroundSection.swift */,
				CBFEBB3CD5D42B73F6305FB5 /* SettingsBackgroundVideoPicker.swift */,
				FC83A87AC986DD2F264131CB /* SettingsCategory.swift */,
				43AA91C16BE0BBB911F2F72E /* SettingsCategorySelector.swift */,
				F78B0E4A24D69CF5D3C037BD /* SettingsControls.swift */,
				32F15969B8595EEFE48B24D2 /* SettingsScreen.swift */,
				B27D766CA5098051EBC3DF59 /* SettingsWorkSection.swift */,
			);
			path = Settings;
			sourceTree = "<group>";
		};
		9764E7BD1DEF8CAF5D2707A3 /* WorkSession */ = {
			isa = PBXGroup;
			children = (
				A5EF295087355147852E6B91 /* WorkSessionStore.swift */,
				B512B523DF50D934102856F7 /* WorkSessionStore+Catalog.swift */,
				FB1219DB5B1565EA2415741F /* WorkSessionStore+Consumables.swift */,
				F0C47F6F4785A18759A06AB7 /* WorkSessionStore+History.swift */,
				37E8F5DBDBA1B2B9E9DC574D /* WorkSessionStore+Mutation.swift */,
				F7C21604E9DFCC4C38B0666B /* WorkSessionStore+NotesMedia.swift */,
				07A6F5CAB3F17F3703EAF1B3 /* WorkSessionStore+Persistence.swift */,
				C35D3835B7B9A121C869C2ED /* WorkSessionStore+Selection.swift */,
				95639B910F5BD49944085B73 /* WorkSessionStore+SimpleCycle.swift */,
			);
			path = WorkSession;
			sourceTree = "<group>";
		};
		A802ECB7B7B65E605F11436D /* MargaritavilleSwiftTests */ = {
			isa = PBXGroup;
			children = (
				09564378AD3EA6BC5209586B /* AIVisualPresetStoreTests.swift */,
				C32C5954A7CEDB001BCDE841 /* AppleSyncEntitlementTests.swift */,
				4A54ACA4EA81D8F149015ABB /* AppSettingsStoreTests.swift */,
				0022BF10DD8871C94DDD0577 /* MargaritavilleSummaryRoomGroupingTests.swift */,
				AAF87AEBF917C954895FE0CF /* PerformanceTelemetryStoreTests.swift */,
				19E02D0413E3F9498F0A6F26 /* RoomMediaIndicatorTests.swift */,
				FC01B23315CBE02A4B6DEE0B /* RuntimeDiagnosticsTests.swift */,
				D2B2C5D50144AFF4E83542F1 /* SummaryActionMenuExpansionTests.swift */,
				A7F5D7EA34CBAC9995CB4DDE /* SummarySwipeCommitPolicyTests.swift */,
				C0B1DAFE30DED4D8FDD5BBF4 /* SwiftDataWorkSessionRepositoryTests.swift */,
				E4FA8E89CE6C63D0C66CC676 /* VoiceNoteViewModelTests.swift */,
				A89136820B51932AD330C482 /* WorkSessionMergePolicyTests.swift */,
				02500AE4C2DC733E80B6D690 /* WorkSessionStoreTests.swift */,
			);
			path = MargaritavilleSwiftTests;
			sourceTree = "<group>";
		};
		B029744C2FF93F5E5DFA511E /* Infrastructure */ = {
			isa = PBXGroup;
			children = (
				EB204E28312C2DCD25CDC575 /* AI */,
				6282865276409330F92C02FF /* Diagnostics */,
				E1254DB211E0DA6318E009E9 /* Interaction */,
				2872854ECA09F5051CE57A2E /* Notifications */,
				F3A117E87F7AEFDA258E8DF4 /* Performance */,
				E2D7137DBA949348E0462B6B /* Secrets */,
				6D88D069C815925FB6D73050 /* Speech */,
				EAF7AEFEFCF79BA9AFC3D29D /* Sync */,
			);
			path = Infrastructure;
			sourceTree = "<group>";
		};
		C08F7B7DA1DAE316E61DBC35 /* Domain */ = {
			isa = PBXGroup;
			children = (
				86F173799160B8EB3595C9C2 /* CartConsumables.swift */,
				34A0D43579667739D7C3B5C9 /* HotelProfile.swift */,
				3824B81E67ADEE1DD80DD608 /* HousekeeperCatalog.swift */,
				4EB7541150CAB0C6F6C42D43 /* HousekeeperDetailsGestureMode.swift */,
				074267CA6B9705C13E77EB45 /* RoomCatalog.swift */,
				4B8B3E69F9398C99CCA5F448 /* RoomCatalogOverride.swift */,
				DA1E24318FCCCD616C3CC0E5 /* RoomDayCategory.swift */,
				1606F1A9957635785A6D928D /* RoomDayCategoryCounts.swift */,
				4C1E7F40601F232AE595FD8F /* RoomDayCategoryTimePreset.swift */,
				7C9F8F44BA2FF35E45B91E90 /* RoomModels.swift */,
				500155013123DCA396D6B0A2 /* RoomScheduleSelection.swift */,
				7BF703659BD4E4ED1F6182C1 /* WorkSessionHistory.swift */,
				8BBA806300DF2D88D48477D6 /* WorkSessionMergePolicy.swift */,
				396D37051D44389A26C276BB /* WorkSessionSelection.swift */,
				E46AAE0061939D159850DA0D /* WorkSessionSnapshot.swift */,
			);
			path = Domain;
			sourceTree = "<group>";
		};
		C236902B382B2C1295A9BDA9 /* Resources */ = {
			isa = PBXGroup;
			children = (
				4FB5A6CC5F8F85EFD80924A2 /* Sounds */,
			);
			path = Resources;
			sourceTree = "<group>";
		};
		CFFFBFD5DBC0529F09495575 /* Features */ = {
			isa = PBXGroup;
			children = (
				4835F1F5C175B23BB4E8E9E3 /* CartDetails */,
				E4F0516078F1CAC9FEC0B297 /* History */,
				8C173CCFD71343D98BCA965F /* Media */,
				50375FAFE4AED67F14CA3B00 /* Notes */,
				D3E0D521BA06872354CD08A9 /* RoomDetails */,
				8C77D2889C044819B1A7462E /* Settings */,
				742850EE6B58596923BC3475 /* Summary */,
				9764E7BD1DEF8CAF5D2707A3 /* WorkSession */,
				0F1ECE8554DD1B409225E822 /* WorkSetup */,
			);
			path = Features;
			sourceTree = "<group>";
		};
		D3E0D521BA06872354CD08A9 /* RoomDetails */ = {
			isa = PBXGroup;
			children = (
				147C808E88696B5035D32889 /* RoomDetailsMode.swift */,
				253281145546E2E8265AB304 /* RoomDetailsScreen.swift */,
			);
			path = RoomDetails;
			sourceTree = "<group>";
		};
		D6C329599C8AAB7A891382FA /* MargaritavilleSwift */ = {
			isa = PBXGroup;
			children = (
				72268799A1D32A143AAA6C69 /* Info.plist */,
				2C470AD026FA430CE1FE075C /* MargaritavilleSwift.entitlements */,
				07C57CB10A6E8D67D1A5555A /* App */,
				545E6D7091F39C5576C0F7B9 /* Data */,
				7020F0B8BBE090C9A7E1BDC0 /* Design */,
				C08F7B7DA1DAE316E61DBC35 /* Domain */,
				6CB0FCEC92F34555F3EEBE05 /* Effects */,
				CFFFBFD5DBC0529F09495575 /* Features */,
				B029744C2FF93F5E5DFA511E /* Infrastructure */,
				C236902B382B2C1295A9BDA9 /* Resources */,
			);
			path = MargaritavilleSwift;
			sourceTree = "<group>";
		};
		E1254DB211E0DA6318E009E9 /* Interaction */ = {
			isa = PBXGroup;
			children = (
				A516DF182C6E2DA6691E748B /* HoldActionTarget.swift */,
				69C3220AB4C379C2C29B5C93 /* InteractionFeedbackService.swift */,
			);
			path = Interaction;
			sourceTree = "<group>";
		};
		E2D7137DBA949348E0462B6B /* Secrets */ = {
			isa = PBXGroup;
			children = (
				260D3F39DAB28CD8F1C0ADAF /* KeychainSecretStore.swift */,
			);
			path = Secrets;
			sourceTree = "<group>";
		};
		E4D1574D55645B1B42014F41 /* SpriteKit */ = {
			isa = PBXGroup;
			children = (
				812538F225A1DC3137D7E2B1 /* MatrixRainConfiguration.swift */,
				64AE4DF0581521747F2A5FF2 /* MatrixRainConfigurationEnvironment.swift */,
				1C1CA4620A505A25C40AE681 /* MatrixRainSpriteScene.swift */,
				2CCB6F5CA1825DB54A4EFB32 /* SpriteKitEffectView.swift */,
			);
			path = SpriteKit;
			sourceTree = "<group>";
		};
		E4F0516078F1CAC9FEC0B297 /* History */ = {
			isa = PBXGroup;
			children = (
				572F782765D50BE3F3214748 /* WorkSessionHistoryScreen.swift */,
			);
			path = History;
			sourceTree = "<group>";
		};
		EAF7AEFEFCF79BA9AFC3D29D /* Sync */ = {
			isa = PBXGroup;
			children = (
				863B6B3ABED99907FD811084 /* AppleCloudAccountProbe.swift */,
				0FA8009600BBC5EAFA5E2642 /* AppleSyncConfiguration.swift */,
				6B499D07E2E53A1051A4A16B /* AppleSyncStatusEnvironment.swift */,
			);
			path = Sync;
			sourceTree = "<group>";
		};
		EB204E28312C2DCD25CDC575 /* AI */ = {
			isa = PBXGroup;
			children = (
				AE8C3FCDA479404117857CF0 /* DeepSeekClient.swift */,
				E3BDB7B2E2231A8706EC007C /* DeepSeekModels.swift */,
			);
			path = AI;
			sourceTree = "<group>";
		};
		F3A117E87F7AEFDA258E8DF4 /* Performance */ = {
			isa = PBXGroup;
			children = (
				95992FEC952AB30262884AD3 /* PerformanceTelemetryStore.swift */,
			);
			path = Performance;
			sourceTree = "<group>";
		};
/* End PBXGroup section */

/* Begin PBXNativeTarget section */
		0669F61147CB438B2A9E3A12 /* MargaritavilleSwift */ = {
			isa = PBXNativeTarget;
			buildConfigurationList = 5DAA6F76ECA61004C3C8C703 /* Build configuration list for PBXNativeTarget "MargaritavilleSwift" */;
			buildPhases = (
				EE9F65D5C4C5844DBEDEF1B7 /* Sources */,
				C628965B9F5F7AD3EC788234 /* Resources */,
				CF661F383C3B579477E84CC7 /* Frameworks */,
			);
			buildRules = (
			);
			dependencies = (
			);
			name = MargaritavilleSwift;
			packageProductDependencies = (
			);
			productName = MargaritavilleSwift;
			productReference = 5A25BA24E124A1929ED1F4AB /* MargaritavilleSwift.app */;
			productType = "com.apple.product-type.application";
		};
		0CA3293BC0BE1F953CBEF618 /* MargaritavilleSwiftTests */ = {
			isa = PBXNativeTarget;
			buildConfigurationList = 1D4034D0CC8F09585AC26116 /* Build configuration list for PBXNativeTarget "MargaritavilleSwiftTests" */;
			buildPhases = (
				F3AB0ADA3D641F4441101796 /* Sources */,
			);
			buildRules = (
			);
			dependencies = (
				59D68F7D23E0837BF03DBA83 /* PBXTargetDependency */,
			);
			name = MargaritavilleSwiftTests;
			packageProductDependencies = (
			);
			productName = MargaritavilleSwiftTests;
			productReference = E51B4FE60E28931C8EE6DCC4 /* MargaritavilleSwiftTests.xctest */;
			productType = "com.apple.product-type.bundle.unit-test";
		};
/* End PBXNativeTarget section */

/* Begin PBXProject section */
		021597EFC67728D96A79467C /* Project object */ = {
			isa = PBXProject;
			attributes = {
				BuildIndependentTargetsInParallel = YES;
				LastUpgradeCheck = 1430;
				TargetAttributes = {
					0669F61147CB438B2A9E3A12 = {
						DevelopmentTeam = J6MW4855LU;
						ProvisioningStyle = Automatic;
					};
					0CA3293BC0BE1F953CBEF618 = {
						DevelopmentTeam = J6MW4855LU;
						ProvisioningStyle = Automatic;
					};
				};
			};
			buildConfigurationList = F6CC150B5D64AD5158430B40 /* Build configuration list for PBXProject "MargaritavilleSwift" */;
			developmentRegion = en;
			hasScannedForEncodings = 0;
			knownRegions = (
				Base,
				en,
			);
			mainGroup = 66C013B1764E7BA76909AAEE;
			minimizedProjectReferenceProxies = 1;
			preferredProjectObjectVersion = 77;
			productRefGroup = 45D4DCC936AD72346C1D7BAF /* Products */;
			projectDirPath = "";
			projectRoot = "";
			targets = (
				0669F61147CB438B2A9E3A12 /* MargaritavilleSwift */,
				0CA3293BC0BE1F953CBEF618 /* MargaritavilleSwiftTests */,
			);
		};
/* End PBXProject section */

/* Begin PBXResourcesBuildPhase section */
		C628965B9F5F7AD3EC788234 /* Resources */ = {
			isa = PBXResourcesBuildPhase;
			buildActionMask = 2147483647;
			files = (
				168D118D0B17FB7FF4BC43F2 /* .BackgroundVideoFileStore.swift.swp in Resources */,
				E522CC4C1973B7D9F9EE01B8 /* click.wav in Resources */,
				A04AD1A78B21F0B1482DB51F /* pressed.wav in Resources */,
			);
			runOnlyForDeploymentPostprocessing = 0;
		};
/* End PBXResourcesBuildPhase section */

/* Begin PBXSourcesBuildPhase section */
		EE9F65D5C4C5844DBEDEF1B7 /* Sources */ = {
			isa = PBXSourcesBuildPhase;
			buildActionMask = 2147483647;
			files = (
				9F0BF55AF147F4706F0A5F0D /* AIVisualPresetStore.swift in Sources */,
				B22173A01797138D426F0170 /* AppBackgroundMode.swift in Sources */,
				FA960F253BD55E6B86E7AED9 /* AppBackgroundModeEnvironment.swift in Sources */,
				77E1FE4E4D080EF84139B14B /* AppBackgroundVideoEnvironment.swift in Sources */,
				124B8CE7419E4EFD526F3A09 /* AppBackgroundView.swift in Sources */,
				EBE82000A7EB5DE59F5D28A7 /* AppBuildInfo.swift in Sources */,
				FE1A14DE53CDE509FEE9D338 /* AppIdentity.swift in Sources */,
				A5F7EEA7935BDF9AA1ADB347 /* AppRootView.swift in Sources */,
				97E38557C7F80F3DC044300D /* AppSettingsStore+Consumables.swift in Sources */,
				5F46B307037409026E7AC032 /* AppSettingsStore+Housekeepers.swift in Sources */,
				C66F3197C0E7AC3729D81D4B /* AppSettingsStore.swift in Sources */,
				770F0645064D6215E9630A0C /* AppSettingsStoreDefaults.swift in Sources */,
				B77FF38571F62CE71AD06E3D /* AppSettingsStoreKeys.swift in Sources */,
				E23835D16917BF2447E61E1A /* AppSettingsStoreLoading.swift in Sources */,
				9B20D346245F6466A491660E /* AppStorageDirectory.swift in Sources */,
				A44D37E296285EE217F5D4D9 /* AppleCloudAccountProbe.swift in Sources */,
				F67D079FEA4B308E1E6A3F53 /* AppleSyncConfiguration.swift in Sources */,
				E1BE86B2D6306ABECD0C0C23 /* AppleSyncStatusEnvironment.swift in Sources */,
				1B0A26C51E7AAF7E7DD75C94 /* BackgroundVideoFileStore.swift in Sources */,
				8D41CE216287237ADE6F5E86 /* BuildChangelog.swift in Sources */,
				96431D362B72149E9FFB7932 /* BuildChangelogEntriesArchive.swift in Sources */,
				87604745603AC6991A02B394 /* BuildChangelogEntriesLegacy.swift in Sources */,
				2AB3809693EAB36DBFCB3895 /* BuildChangelogEntriesMid.swift in Sources */,
				22572ABFDC6A79E256B5E8B3 /* BuildChangelogEntriesRecent.swift in Sources */,
				5A58AB8131B0D9336DC00176 /* BuildChangelogScreen.swift in Sources */,
				0C741372460A1512644497E2 /* CameraCaptureView.swift in Sources */,
				6FD02D9E66787EEFD52A0E1E /* CartConsumableCatalogEditorSection.swift in Sources */,
				57770924232FA86DAEC38590 /* CartConsumables.swift in Sources */,
				C167F43C5EE884A270222EF3 /* CartConsumablesSection.swift in Sources */,
				365E0104677797C6B2C4872D /* CartDetailsRoute.swift in Sources */,
				A6F7B66704ADCE2E5F241C2B /* CartDetailsScreen.swift in Sources */,
				EC464FBC0DF0B3C1F8334341 /* CartSummarySection.swift in Sources */,
				2C03F73F599E142BE0F76082 /* DeepSeekClient.swift in Sources */,
				68FC9E5214D46FCCCBE78F6F /* DeepSeekLabComponents.swift in Sources */,
				F70E89A335D855BD151E41C5 /* DeepSeekLabSection.swift in Sources */,
				B851DD8FE85AB4C1FE79F336 /* DeepSeekModels.swift in Sources */,
				926C871FBCC94795F6C23DCE /* ExperimentalAppearanceEnvironment.swift in Sources */,
				389B9EE5FEA4DBCC068830B7 /* HoldActionTarget.swift in Sources */,
				118A22F74FB47F99097EFF77 /* HotelProfile.swift in Sources */,
				CCEB3EAFB175EB2191D64B36 /* HousekeeperCatalog.swift in Sources */,
				65C422BC20A3F6A330E586B3 /* HousekeeperCatalogEditorSection.swift in Sources */,
				4DE8F62C99818E24EC9B5F6C /* HousekeeperDetailsGestureMode.swift in Sources */,
				C26D077B5C9D7269C281EA0D /* HousekeeperPalette+Color.swift in Sources */,
				29CF268B7AF0DE257600A5E1 /* InteractionFeedbackService.swift in Sources */,
				45F414B1F7BEA5D43C2106BA /* KeychainSecretStore.swift in Sources */,
				D28D6ECFFDE772EC3CF15BDC /* LocalMediaFileStore.swift in Sources */,
				49F46E8F7994A01F4AF2BC2B /* LocalWorkSessionRepository.swift in Sources */,
				B48D66D59A08DAB6AB58276C /* LoopingVideoBackgroundView.swift in Sources */,
				D313B79BBCBADF8C83C991F6 /* MargaritavilleCatalogEditorSection.swift in Sources */,
				D8BF9A21DF73842A1BE97CBA /* MargaritavillePresetBackupDocument.swift in Sources */,
				DAEDF92F0638E096BFA5558F /* MargaritavilleSummaryRoomGrouping.swift in Sources */,
				CA6918F5154C0EF6D640D2D4 /* MargaritavilleSummarySection.swift in Sources */,
				4EE12E17FCBFCBB259E63B24 /* MargaritavilleSwiftApp.swift in Sources */,
				7F81866E81AF243DD43D6E19 /* MatrixRainConfiguration.swift in Sources */,
				B3C59A2B1E1768B35122F543 /* MatrixRainConfigurationEnvironment.swift in Sources */,
				48445FB3B0DF2857653B2BA4 /* MatrixRainSpriteScene.swift in Sources */,
				EB1A68927A3E5EE5B13FC6D7 /* MediaAttachmentGrid.swift in Sources */,
				979CD20E7C20BFFF9286D055 /* MediaThumbnailView.swift in Sources */,
				B51D8394827CA5FE11B571DE /* MediaViewerScreen.swift in Sources */,
				A49095991B9A15010B447A30 /* OceanKeyTheme.swift in Sources */,
				A2C1CBB0272EE047A747E96C /* PerformanceTelemetryStore.swift in Sources */,
				BA597DC5700A27AACC313C22 /* PersistentAIVisualPreset.swift in Sources */,
				54060BE12903DE7DC82BF05C /* PersistentWorkSessionMapper+Catalog.swift in Sources */,
				AB447B52871E12298D13D20D /* PersistentWorkSessionMapper+Consumables.swift in Sources */,
				5411E04FD741551E3928E8DC /* PersistentWorkSessionMapper+History.swift in Sources */,
				7CD6372AB26C0ADD32E741D3 /* PersistentWorkSessionMapper.swift in Sources */,
				9C6C58ED482ED2B45EA44E36 /* PersistentWorkSessionModels.swift in Sources */,
				B47E3E0ADA3CCB9238176303 /* PersonalCartMarkerStrip.swift in Sources */,
				81651456783FB1669E5E721B /* PersonalCartMarkers.swift in Sources */,
				3F91D414A684701980D9BBF6 /* RoomActionMenuLampTransition.swift in Sources */,
				0D0F65C8BDB5D711C5F9FB53 /* RoomActionPuzzlePullOverlay.swift in Sources */,
				02231F91390FC6C7831F82C7 /* RoomCatalog.swift in Sources */,
				AA0024805A82FF29FBC23365 /* RoomCatalogOverride.swift in Sources */,
				270E463D993DDC954DE9B42F /* RoomCellGeometry.swift in Sources */,
				8A5B1D408C8D5B3AE2A337C9 /* RoomCellView.swift in Sources */,
				FDAC0CD27580C806BF8172E3 /* RoomDayCategory.swift in Sources */,
				CD880034CA8378744B915C72 /* RoomDayCategoryControls.swift in Sources */,
				E69996BC5EF84C5734DB98FE /* RoomDayCategoryCounts.swift in Sources */,
				45202B6A6675212ADED49E1E /* RoomDayCategoryTimePreset.swift in Sources */,
				156AE991A57FFFB7CA3B8EDA /* RoomDetailsMode.swift in Sources */,
				2BC9B4BF0A6B899CDA1EC71E /* RoomDetailsScreen.swift in Sources */,
				152633EAB66EDB9582DBB29A /* RoomMediaIndicator.swift in Sources */,
				78E76A7224E69AAC6F2C6CA0 /* RoomModels.swift in Sources */,
				566DB942B2FFDCC98ADC194C /* RoomScheduleRoute.swift in Sources */,
				C3F8298388E810A68B8DEBA3 /* RoomScheduleSelection.swift in Sources */,
				5B362AB2BEFA62BC0564A6F3 /* RoomScheduleSheet.swift in Sources */,
				B75B6357696CC195A0AB6890 /* RuntimeDiagnostics.swift in Sources */,
				DA628C5CCCE100F4100F012E /* ScheduleNotificationService.swift in Sources */,
				5EB4819E24605BE4D2C6CBF0 /* SettingsBackgroundSection.swift in Sources */,
				8810BE4B1E99E8ECCD3BBA21 /* SettingsBackgroundVideoPicker.swift in Sources */,
				A4CD76B55EFC71F0C2CD60F3 /* SettingsCategory.swift in Sources */,
				BD0CEBFEF8659B3BF733D7A0 /* SettingsCategorySelector.swift in Sources */,
				03DF961C54AD49D24065CD1B /* SettingsControls.swift in Sources */,
				EF55F6DCA0EDBADDA8888279 /* SettingsScreen.swift in Sources */,
				7E7624182D0DBE1AFB1454EA /* SettingsWorkSection.swift in Sources */,
				058C5089BB2C2A9164133D93 /* SpriteKitEffectView.swift in Sources */,
				529436F3B9A6793FF8BCBBE1 /* SummaryActionMenuExpansion.swift in Sources */,
				90EC1A151305FBBAEC14935A /* SummaryHeader.swift in Sources */,
				66B2E8E393EEC452346E87B3 /* SummaryRoomActionMenu.swift in Sources */,
				AA49001001C7EF949271B8B4 /* SummaryScreen.swift in Sources */,
				04CF7F1F305D831C60D45079 /* SummarySelectionPuzzleHandle.swift in Sources */,
				90611C42E9319C6664307F82 /* SummarySwipeCommitPolicy.swift in Sources */,
				8BA510D92D5D30CEC1174046 /* SwiftDataWorkSessionRepository.swift in Sources */,
				8286E4F0670A238E0099BEBE /* TVStaticNoiseBackgroundView.swift in Sources */,
				B17AE67B2E6098580903BF20 /* VIPJellyContentWarp.metal in Sources */,
				B8DCB761C2A5C4905FD1E616 /* VIPJellyEffects.swift in Sources */,
				DE0127E5A1E843104D7488D6 /* VoiceNoteBubble.swift in Sources */,
				895709AC8432B24F031109F2 /* VoiceNoteViewModel.swift in Sources */,
				6E64F0A59FD3EE6013BB98BA /* VoiceTranscriptionContracts.swift in Sources */,
				2785A601D35E1D9446938B54 /* VoiceTranscriptionPanel.swift in Sources */,
				092949E980C0040E16523712 /* VoiceTranscriptionService.swift in Sources */,
				E4125D708C5A5359E278629B /* WorkSessionHistory.swift in Sources */,
				263B2FE1479AC4779B6EDA47 /* WorkSessionHistoryScreen.swift in Sources */,
				B27412284AD37C7A0BE913C3 /* WorkSessionMergePolicy.swift in Sources */,
				6152C87ADB52CC454480CF9B /* WorkSessionRepository.swift in Sources */,
				A5958B1BAD5E2E2596C7C13F /* WorkSessionSelection.swift in Sources */,
				A34368415E8A43680F1591A2 /* WorkSessionSnapshot.swift in Sources */,
				C1124C1B7153C116C0012804 /* WorkSessionStore+Catalog.swift in Sources */,
				74CD34FC39F093A3DE0C4861 /* WorkSessionStore+Consumables.swift in Sources */,
				A613E76E0F4A00A2730FDA56 /* WorkSessionStore+History.swift in Sources */,
				9D4E0CC42DB9BDD4F7A58C05 /* WorkSessionStore+Mutation.swift in Sources */,
				621A70E81A145EF5DB753037 /* WorkSessionStore+NotesMedia.swift in Sources */,
				44A924056A88C8FCA7D56426 /* WorkSessionStore+Persistence.swift in Sources */,
				7428A12339BD354F950324A1 /* WorkSessionStore+Selection.swift in Sources */,
				379D17C85B0EBD7A5B7BC322 /* WorkSessionStore+SimpleCycle.swift in Sources */,
				C78DA3701B2EDCACA9000557 /* WorkSessionStore.swift in Sources */,
				F9EB724E474A47F7CB41CA2C /* WorkSetupComponents.swift in Sources */,
				D386394F284524E81B532306 /* WorkSetupRoomPickButton.swift in Sources */,
				947CFD926A15733AC0513601 /* WorkSetupScreen.swift in Sources */,
				24A9653A75E6C4A6DAA18551 /* WorkSetupTerritoryPicker.swift in Sources */,
				83C04518B33C7BBF7A5AE6D6 /* WorkSetupTerritorySelectionSummary.swift in Sources */,
			);
			runOnlyForDeploymentPostprocessing = 0;
		};
		F3AB0ADA3D641F4441101796 /* Sources */ = {
			isa = PBXSourcesBuildPhase;
			buildActionMask = 2147483647;
			files = (
				92FB0B53C819F75D53F66D7B /* AIVisualPresetStoreTests.swift in Sources */,
				FF7F5F1967A7D50277F49129 /* AppSettingsStoreTests.swift in Sources */,
				D8E801A984C3B0211D472853 /* AppleSyncEntitlementTests.swift in Sources */,
				FE1C7BFCD6BD93E0E953B63B /* MargaritavilleSummaryRoomGroupingTests.swift in Sources */,
				6F2C27BB68573CA9F2928146 /* PerformanceTelemetryStoreTests.swift in Sources */,
				51073EF8C7BC2919DD754DEA /* RoomMediaIndicatorTests.swift in Sources */,
				E966CBE9E6B5674FE32973A7 /* RuntimeDiagnosticsTests.swift in Sources */,
				CD87168EDB426BC3C235F30A /* SummaryActionMenuExpansionTests.swift in Sources */,
				451770AEE2D8C966487CED28 /* SummarySwipeCommitPolicyTests.swift in Sources */,
				B10F238E76E05CFC74FE5B67 /* SwiftDataWorkSessionRepositoryTests.swift in Sources */,
				3BF8686AD98FA9363EB3C7A5 /* VoiceNoteViewModelTests.swift in Sources */,
				EE7A6C24A39A07EF707BFBC8 /* WorkSessionMergePolicyTests.swift in Sources */,
				69A8841E988B5E262E4F4B38 /* WorkSessionStoreTests.swift in Sources */,
			);
			runOnlyForDeploymentPostprocessing = 0;
		};
/* End PBXSourcesBuildPhase section */

/* Begin PBXTargetDependency section */
		59D68F7D23E0837BF03DBA83 /* PBXTargetDependency */ = {
			isa = PBXTargetDependency;
			target = 0669F61147CB438B2A9E3A12 /* MargaritavilleSwift */;
			targetProxy = 5C4475BC905ED321F50B5F9F /* PBXContainerItemProxy */;
		};
/* End PBXTargetDependency section */

/* Begin XCBuildConfiguration section */
		5DB94FEEAA987B6D47CB3F62 /* Debug */ = {
			isa = XCBuildConfiguration;
			buildSettings = {
				BUNDLE_LOADER = "$(TEST_HOST)";
				GENERATE_INFOPLIST_FILE = YES;
				LD_RUNPATH_SEARCH_PATHS = (
					"$(inherited)",
					"@executable_path/Frameworks",
					"@loader_path/Frameworks",
				);
				PRODUCT_BUNDLE_IDENTIFIER = com.alex.margaritaville.MargaritavilleSwiftTests;
				SDKROOT = iphoneos;
				TARGETED_DEVICE_FAMILY = "1,2";
				TEST_HOST = "$(BUILT_PRODUCTS_DIR)/MargaritavilleSwift.app/MargaritavilleSwift";
			};
			name = Debug;
		};
		6705D1504299EA5829C35800 /* Debug */ = {
			isa = XCBuildConfiguration;
			buildSettings = {
				ASSETCATALOG_COMPILER_APPICON_NAME = AppIcon;
				"CODE_SIGN_ENTITLEMENTS[sdk=iphonesimulator*]" = MargaritavilleSwift/MargaritavilleSwift.entitlements;
				CODE_SIGN_IDENTITY = "iPhone Developer";
				INFOPLIST_FILE = MargaritavilleSwift/Info.plist;
				INFOPLIST_KEY_CFBundleDisplayName = Margaritaville;
				INFOPLIST_KEY_UIApplicationSceneManifest_Generation = YES;
				INFOPLIST_KEY_UIApplicationSupportsIndirectInputEvents = YES;
				INFOPLIST_KEY_UILaunchScreen_Generation = YES;
				LD_RUNPATH_SEARCH_PATHS = (
					"$(inherited)",
					"@executable_path/Frameworks",
				);
				PRODUCT_BUNDLE_IDENTIFIER = com.alex.margaritaville.swift;
				SDKROOT = iphoneos;
				TARGETED_DEVICE_FAMILY = 1;
			};
			name = Debug;
		};
		9944A5E2DFFB21AB6E07D8CF /* Debug */ = {
			isa = XCBuildConfiguration;
			buildSettings = {
				ALWAYS_SEARCH_USER_PATHS = NO;
				CLANG_ANALYZER_NONNULL = YES;
				CLANG_ANALYZER_NUMBER_OBJECT_CONVERSION = YES_AGGRESSIVE;
				CLANG_CXX_LANGUAGE_STANDARD = "gnu++14";
				CLANG_CXX_LIBRARY = "libc++";
				CLANG_ENABLE_MODULES = YES;
				CLANG_ENABLE_OBJC_ARC = YES;
				CLANG_ENABLE_OBJC_WEAK = YES;
				CLANG_WARN_BLOCK_CAPTURE_AUTORELEASING = YES;
				CLANG_WARN_BOOL_CONVERSION = YES;
				CLANG_WARN_COMMA = YES;
				CLANG_WARN_CONSTANT_CONVERSION = YES;
				CLANG_WARN_DEPRECATED_OBJC_IMPLEMENTATIONS = YES;
				CLANG_WARN_DIRECT_OBJC_ISA_USAGE = YES_ERROR;
				CLANG_WARN_DOCUMENTATION_COMMENTS = YES;
				CLANG_WARN_EMPTY_BODY = YES;
				CLANG_WARN_ENUM_CONVERSION = YES;
				CLANG_WARN_INFINITE_RECURSION = YES;
				CLANG_WARN_INT_CONVERSION = YES;
				CLANG_WARN_NON_LITERAL_NULL_CONVERSION = YES;
				CLANG_WARN_OBJC_IMPLICIT_RETAIN_SELF = YES;
				CLANG_WARN_OBJC_LITERAL_CONVERSION = YES;
				CLANG_WARN_OBJC_ROOT_CLASS = YES_ERROR;
				CLANG_WARN_QUOTED_INCLUDE_IN_FRAMEWORK_HEADER = YES;
				CLANG_WARN_RANGE_LOOP_ANALYSIS = YES;
				CLANG_WARN_STRICT_PROTOTYPES = YES;
				CLANG_WARN_SUSPICIOUS_MOVE = YES;
				CLANG_WARN_UNGUARDED_AVAILABILITY = YES_AGGRESSIVE;
				CLANG_WARN_UNREACHABLE_CODE = YES;
				CLANG_WARN__DUPLICATE_METHOD_MATCH = YES;
				CODE_SIGN_STYLE = Automatic;
				COPY_PHASE_STRIP = NO;
				CURRENT_PROJECT_VERSION = 10;
				DEBUG_INFORMATION_FORMAT = dwarf;
				DEVELOPMENT_TEAM = J6MW4855LU;
				ENABLE_STRICT_OBJC_MSGSEND = YES;
				ENABLE_TESTABILITY = YES;
				GCC_C_LANGUAGE_STANDARD = gnu11;
				GCC_DYNAMIC_NO_PIC = NO;
				GCC_NO_COMMON_BLOCKS = YES;
				GCC_OPTIMIZATION_LEVEL = 0;
				GCC_PREPROCESSOR_DEFINITIONS = (
					"$(inherited)",
					"DEBUG=1",
				);
				GCC_WARN_64_TO_32_BIT_CONVERSION = YES;
				GCC_WARN_ABOUT_RETURN_TYPE = YES_ERROR;
				GCC_WARN_UNDECLARED_SELECTOR = YES;
				GCC_WARN_UNINITIALIZED_AUTOS = YES_AGGRESSIVE;
				GCC_WARN_UNUSED_FUNCTION = YES;
				GCC_WARN_UNUSED_VARIABLE = YES;
				IPHONEOS_DEPLOYMENT_TARGET = 17.0;
				MARKETING_VERSION = 0.1.0;
				MTL_ENABLE_DEBUG_INFO = INCLUDE_SOURCE;
				MTL_FAST_MATH = YES;
				ONLY_ACTIVE_ARCH = YES;
				PRODUCT_NAME = "$(TARGET_NAME)";
				SDKROOT = iphoneos;
				SWIFT_ACTIVE_COMPILATION_CONDITIONS = DEBUG;
				SWIFT_OPTIMIZATION_LEVEL = "-Onone";
				SWIFT_VERSION = 6.0;
			};
			name = Debug;
		};
		9DC79595476D2397CEF760B1 /* Release */ = {
			isa = XCBuildConfiguration;
			buildSettings = {
				ALWAYS_SEARCH_USER_PATHS = NO;
				CLANG_ANALYZER_NONNULL = YES;
				CLANG_ANALYZER_NUMBER_OBJECT_CONVERSION = YES_AGGRESSIVE;
				CLANG_CXX_LANGUAGE_STANDARD = "gnu++14";
				CLANG_CXX_LIBRARY = "libc++";
				CLANG_ENABLE_MODULES = YES;
				CLANG_ENABLE_OBJC_ARC = YES;
				CLANG_ENABLE_OBJC_WEAK = YES;
				CLANG_WARN_BLOCK_CAPTURE_AUTORELEASING = YES;
				CLANG_WARN_BOOL_CONVERSION = YES;
				CLANG_WARN_COMMA = YES;
				CLANG_WARN_CONSTANT_CONVERSION = YES;
				CLANG_WARN_DEPRECATED_OBJC_IMPLEMENTATIONS = YES;
				CLANG_WARN_DIRECT_OBJC_ISA_USAGE = YES_ERROR;
				CLANG_WARN_DOCUMENTATION_COMMENTS = YES;
				CLANG_WARN_EMPTY_BODY = YES;
				CLANG_WARN_ENUM_CONVERSION = YES;
				CLANG_WARN_INFINITE_RECURSION = YES;
				CLANG_WARN_INT_CONVERSION = YES;
				CLANG_WARN_NON_LITERAL_NULL_CONVERSION = YES;
				CLANG_WARN_OBJC_IMPLICIT_RETAIN_SELF = YES;
				CLANG_WARN_OBJC_LITERAL_CONVERSION = YES;
				CLANG_WARN_OBJC_ROOT_CLASS = YES_ERROR;
				CLANG_WARN_QUOTED_INCLUDE_IN_FRAMEWORK_HEADER = YES;
				CLANG_WARN_RANGE_LOOP_ANALYSIS = YES;
				CLANG_WARN_STRICT_PROTOTYPES = YES;
				CLANG_WARN_SUSPICIOUS_MOVE = YES;
				CLANG_WARN_UNGUARDED_AVAILABILITY = YES_AGGRESSIVE;
				CLANG_WARN_UNREACHABLE_CODE = YES;
				CLANG_WARN__DUPLICATE_METHOD_MATCH = YES;
				CODE_SIGN_STYLE = Automatic;
				COPY_PHASE_STRIP = NO;
				CURRENT_PROJECT_VERSION = 10;
				DEBUG_INFORMATION_FORMAT = "dwarf-with-dsym";
				DEVELOPMENT_TEAM = J6MW4855LU;
				ENABLE_NS_ASSERTIONS = NO;
				ENABLE_STRICT_OBJC_MSGSEND = YES;
				GCC_C_LANGUAGE_STANDARD = gnu11;
				GCC_NO_COMMON_BLOCKS = YES;
				GCC_WARN_64_TO_32_BIT_CONVERSION = YES;
				GCC_WARN_ABOUT_RETURN_TYPE = YES_ERROR;
				GCC_WARN_UNDECLARED_SELECTOR = YES;
				GCC_WARN_UNINITIALIZED_AUTOS = YES_AGGRESSIVE;
				GCC_WARN_UNUSED_FUNCTION = YES;
				GCC_WARN_UNUSED_VARIABLE = YES;
				IPHONEOS_DEPLOYMENT_TARGET = 17.0;
				MARKETING_VERSION = 0.1.0;
				MTL_ENABLE_DEBUG_INFO = NO;
				MTL_FAST_MATH = YES;
				PRODUCT_NAME = "$(TARGET_NAME)";
				SDKROOT = iphoneos;
				SWIFT_COMPILATION_MODE = wholemodule;
				SWIFT_OPTIMIZATION_LEVEL = "-O";
				SWIFT_VERSION = 6.0;
			};
			name = Release;
		};
		A2D4EFDE5283776ACFC4FA84 /* Release */ = {
			isa = XCBuildConfiguration;
			buildSettings = {
				ASSETCATALOG_COMPILER_APPICON_NAME = AppIcon;
				"CODE_SIGN_ENTITLEMENTS[sdk=iphonesimulator*]" = MargaritavilleSwift/MargaritavilleSwift.entitlements;
				CODE_SIGN_IDENTITY = "iPhone Developer";
				INFOPLIST_FILE = MargaritavilleSwift/Info.plist;
				INFOPLIST_KEY_CFBundleDisplayName = Margaritaville;
				INFOPLIST_KEY_UIApplicationSceneManifest_Generation = YES;
				INFOPLIST_KEY_UIApplicationSupportsIndirectInputEvents = YES;
				INFOPLIST_KEY_UILaunchScreen_Generation = YES;
				LD_RUNPATH_SEARCH_PATHS = (
					"$(inherited)",
					"@executable_path/Frameworks",
				);
				PRODUCT_BUNDLE_IDENTIFIER = com.alex.margaritaville.swift;
				SDKROOT = iphoneos;
				TARGETED_DEVICE_FAMILY = 1;
			};
			name = Release;
		};
		CCAA09E3F95A56C0ACFC0775 /* Release */ = {
			isa = XCBuildConfiguration;
			buildSettings = {
				BUNDLE_LOADER = "$(TEST_HOST)";
				GENERATE_INFOPLIST_FILE = YES;
				LD_RUNPATH_SEARCH_PATHS = (
					"$(inherited)",
					"@executable_path/Frameworks",
					"@loader_path/Frameworks",
				);
				PRODUCT_BUNDLE_IDENTIFIER = com.alex.margaritaville.MargaritavilleSwiftTests;
				SDKROOT = iphoneos;
				TARGETED_DEVICE_FAMILY = "1,2";
				TEST_HOST = "$(BUILT_PRODUCTS_DIR)/MargaritavilleSwift.app/MargaritavilleSwift";
			};
			name = Release;
		};
/* End XCBuildConfiguration section */

/* Begin XCConfigurationList section */
		1D4034D0CC8F09585AC26116 /* Build configuration list for PBXNativeTarget "MargaritavilleSwiftTests" */ = {
			isa = XCConfigurationList;
			buildConfigurations = (
				5DB94FEEAA987B6D47CB3F62 /* Debug */,
				CCAA09E3F95A56C0ACFC0775 /* Release */,
			);
			defaultConfigurationIsVisible = 0;
			defaultConfigurationName = Debug;
		};
		5DAA6F76ECA61004C3C8C703 /* Build configuration list for PBXNativeTarget "MargaritavilleSwift" */ = {
			isa = XCConfigurationList;
			buildConfigurations = (
				6705D1504299EA5829C35800 /* Debug */,
				A2D4EFDE5283776ACFC4FA84 /* Release */,
			);
			defaultConfigurationIsVisible = 0;
			defaultConfigurationName = Debug;
		};
		F6CC150B5D64AD5158430B40 /* Build configuration list for PBXProject "MargaritavilleSwift" */ = {
			isa = XCConfigurationList;
			buildConfigurations = (
				9944A5E2DFFB21AB6E07D8CF /* Debug */,
				9DC79595476D2397CEF760B1 /* Release */,
			);
			defaultConfigurationIsVisible = 0;
			defaultConfigurationName = Debug;
		};
/* End XCConfigurationList section */
	};
	rootObject = 021597EFC67728D96A79467C /* Project object */;
}
